// !$*UTF8*$!
{
	archiveVersion = 1;
	classes = {
	};
	objectVersion = 45;
	objects = {

/* Begin PBXBuildFile section */
		4B23E53611F5EBEF0055FF80 /* CLWebItem.m in Sources */ = {isa = PBXBuildFile; fileRef = 4B23E53411F5EBEF0055FF80 /* CLWebItem.m */; };
		4B23E53A11F5EC010055FF80 /* CLAccount.m in Sources */ = {isa = PBXBuildFile; fileRef = 4B23E53811F5EC010055FF80 /* CLAccount.m */; };
		4B23E53E11F5EC060055FF80 /* CLUpload.m in Sources */ = {isa = PBXBuildFile; fileRef = 4B23E53C11F5EC060055FF80 /* CLUpload.m */; };
		4B23E54211F5EC0A0055FF80 /* CLFileUpload.m in Sources */ = {isa = PBXBuildFile; fileRef = 4B23E54011F5EC0A0055FF80 /* CLFileUpload.m */; };
		4B23E54611F5EC190055FF80 /* CLRedirectUpload.m in Sources */ = {isa = PBXBuildFile; fileRef = 4B23E54411F5EC190055FF80 /* CLRedirectUpload.m */; };
		4B23E54A11F5EC200055FF80 /* CLTextUpload.m in Sources */ = {isa = PBXBuildFile; fileRef = 4B23E54811F5EC200055FF80 /* CLTextUpload.m */; };
		4B23E55011F5EC6D0055FF80 /* CLAPIEngine.m in Sources */ = {isa = PBXBuildFile; fileRef = 4B23E54E11F5EC6D0055FF80 /* CLAPIEngine.m */; };
		4B23E5E711F62CDC0055FF80 /* NSMutableURLRequest+NPPOSTBody.m in Sources */ = {isa = PBXBuildFile; fileRef = 4B23E5E511F62CDC0055FF80 /* NSMutableURLRequest+NPPOSTBody.m */; };
		4B23E60211F6313E0055FF80 /* NSString+NPMimeType.m in Sources */ = {isa = PBXBuildFile; fileRef = 4B23E60011F6313E0055FF80 /* NSString+NPMimeType.m */; };
		4B23E62A11F6342B0055FF80 /* NSString+NPAdditions.m in Sources */ = {isa = PBXBuildFile; fileRef = 4B23E62811F6342B0055FF80 /* NSString+NPAdditions.m */; };
		4B4CB24D11FCD5C600A9B138 /* CLURLConnection.m in Sources */ = {isa = PBXBuildFile; fileRef = 4B4CB24B11FCD5C600A9B138 /* CLURLConnection.m */; };
		4B4CB41311FCFB3900A9B138 /* NSArray+BSJSONAdditions.m in Sources */ = {isa = PBXBuildFile; fileRef = 4B4CB40A11FCFB3900A9B138 /* NSArray+BSJSONAdditions.m */; };
		4B4CB41411FCFB3900A9B138 /* NSDictionary+BSJSONAdditions.m in Sources */ = {isa = PBXBuildFile; fileRef = 4B4CB40C11FCFB3900A9B138 /* NSDictionary+BSJSONAdditions.m */; };
		4B4CB41511FCFB3900A9B138 /* NSScanner+BSJSONAdditions.m in Sources */ = {isa = PBXBuildFile; fileRef = 4B4CB40E11FCFB3900A9B138 /* NSScanner+BSJSONAdditions.m */; };
		4B4CB41611FCFB3900A9B138 /* NSString+BSJSONAdditions.m in Sources */ = {isa = PBXBuildFile; fileRef = 4B4CB41011FCFB3900A9B138 /* NSString+BSJSONAdditions.m */; };
		4B4CB41711FCFB3900A9B138 /* BSJSONEncoder.m in Sources */ = {isa = PBXBuildFile; fileRef = 4B4CB41211FCFB3900A9B138 /* BSJSONEncoder.m */; };
		8DC2EF570486A6940098B216 /* Cocoa.framework in Frameworks */ = {isa = PBXBuildFile; fileRef = 1058C7B1FEA5585E11CA2CBB /* Cocoa.framework */; };
/* End PBXBuildFile section */

/* Begin PBXCopyFilesBuildPhase section */
		4B4CB38011FCF02700A9B138 /* CopyFiles */ = {
			isa = PBXCopyFilesBuildPhase;
			buildActionMask = 2147483647;
			dstPath = "";
			dstSubfolderSpec = 0;
			files = (
			);
			runOnlyForDeploymentPostprocessing = 0;
		};
/* End PBXCopyFilesBuildPhase section */

/* Begin PBXFileReference section */
		0867D69BFE84028FC02AAC07 /* Foundation.framework */ = {isa = PBXFileReference; lastKnownFileType = wrapper.framework; name = Foundation.framework; path = /System/Library/Frameworks/Foundation.framework; sourceTree = "<absolute>"; };
		0867D6A5FE840307C02AAC07 /* AppKit.framework */ = {isa = PBXFileReference; lastKnownFileType = wrapper.framework; name = AppKit.framework; path = /System/Library/Frameworks/AppKit.framework; sourceTree = "<absolute>"; };
		089C1667FE841158C02AAC07 /* English */ = {isa = PBXFileReference; fileEncoding = 4; lastKnownFileType = text.plist.strings; name = English; path = English.lproj/InfoPlist.strings; sourceTree = "<group>"; };
		1058C7B1FEA5585E11CA2CBB /* Cocoa.framework */ = {isa = PBXFileReference; lastKnownFileType = wrapper.framework; name = Cocoa.framework; path = /System/Library/Frameworks/Cocoa.framework; sourceTree = "<absolute>"; };
		32DBCF5E0370ADEE00C91783 /* Cloud_Prefix.pch */ = {isa = PBXFileReference; fileEncoding = 4; lastKnownFileType = sourcecode.c.h; path = Cloud_Prefix.pch; sourceTree = "<group>"; };
		4B23E53311F5EBEF0055FF80 /* CLWebItem.h */ = {isa = PBXFileReference; fileEncoding = 4; lastKnownFileType = sourcecode.c.h; name = CLWebItem.h; path = Projects/Linebreak/Cloud/Framework/CLWebItem.h; sourceTree = DEVELOPER_DIR; };
		4B23E53411F5EBEF0055FF80 /* CLWebItem.m */ = {isa = PBXFileReference; fileEncoding = 4; lastKnownFileType = sourcecode.c.objc; name = CLWebItem.m; path = Projects/Linebreak/Cloud/Framework/CLWebItem.m; sourceTree = DEVELOPER_DIR; };
		4B23E53711F5EC010055FF80 /* CLAccount.h */ = {isa = PBXFileReference; fileEncoding = 4; lastKnownFileType = sourcecode.c.h; name = CLAccount.h; path = Projects/Linebreak/Cloud/Framework/CLAccount.h; sourceTree = DEVELOPER_DIR; };
		4B23E53811F5EC010055FF80 /* CLAccount.m */ = {isa = PBXFileReference; fileEncoding = 4; lastKnownFileType = sourcecode.c.objc; name = CLAccount.m; path = Projects/Linebreak/Cloud/Framework/CLAccount.m; sourceTree = DEVELOPER_DIR; };
		4B23E53B11F5EC060055FF80 /* CLUpload.h */ = {isa = PBXFileReference; fileEncoding = 4; lastKnownFileType = sourcecode.c.h; name = CLUpload.h; path = Projects/Linebreak/Cloud/Framework/CLUpload.h; sourceTree = DEVELOPER_DIR; };
		4B23E53C11F5EC060055FF80 /* CLUpload.m */ = {isa = PBXFileReference; fileEncoding = 4; lastKnownFileType = sourcecode.c.objc; name = CLUpload.m; path = Projects/Linebreak/Cloud/Framework/CLUpload.m; sourceTree = DEVELOPER_DIR; };
		4B23E53F11F5EC0A0055FF80 /* CLFileUpload.h */ = {isa = PBXFileReference; fileEncoding = 4; lastKnownFileType = sourcecode.c.h; name = CLFileUpload.h; path = Projects/Linebreak/Cloud/Framework/CLFileUpload.h; sourceTree = DEVELOPER_DIR; };
		4B23E54011F5EC0A0055FF80 /* CLFileUpload.m */ = {isa = PBXFileReference; fileEncoding = 4; lastKnownFileType = sourcecode.c.objc; name = CLFileUpload.m; path = Projects/Linebreak/Cloud/Framework/CLFileUpload.m; sourceTree = DEVELOPER_DIR; };
		4B23E54311F5EC190055FF80 /* CLRedirectUpload.h */ = {isa = PBXFileReference; fileEncoding = 4; lastKnownFileType = sourcecode.c.h; name = CLRedirectUpload.h; path = Projects/Linebreak/Cloud/Framework/CLRedirectUpload.h; sourceTree = DEVELOPER_DIR; };
		4B23E54411F5EC190055FF80 /* CLRedirectUpload.m */ = {isa = PBXFileReference; fileEncoding = 4; lastKnownFileType = sourcecode.c.objc; name = CLRedirectUpload.m; path = Projects/Linebreak/Cloud/Framework/CLRedirectUpload.m; sourceTree = DEVELOPER_DIR; };
		4B23E54711F5EC200055FF80 /* CLTextUpload.h */ = {isa = PBXFileReference; fileEncoding = 4; lastKnownFileType = sourcecode.c.h; name = CLTextUpload.h; path = Projects/Linebreak/Cloud/Framework/CLTextUpload.h; sourceTree = DEVELOPER_DIR; };
		4B23E54811F5EC200055FF80 /* CLTextUpload.m */ = {isa = PBXFileReference; fileEncoding = 4; lastKnownFileType = sourcecode.c.objc; name = CLTextUpload.m; path = Projects/Linebreak/Cloud/Framework/CLTextUpload.m; sourceTree = DEVELOPER_DIR; };
		4B23E54D11F5EC6D0055FF80 /* CLAPIEngine.h */ = {isa = PBXFileReference; fileEncoding = 4; lastKnownFileType = sourcecode.c.h; name = CLAPIEngine.h; path = Projects/Linebreak/Cloud/Framework/CLAPIEngine.h; sourceTree = DEVELOPER_DIR; };
		4B23E54E11F5EC6D0055FF80 /* CLAPIEngine.m */ = {isa = PBXFileReference; fileEncoding = 4; lastKnownFileType = sourcecode.c.objc; name = CLAPIEngine.m; path = Projects/Linebreak/Cloud/Framework/CLAPIEngine.m; sourceTree = DEVELOPER_DIR; };
		4B23E5E411F62CDC0055FF80 /* NSMutableURLRequest+NPPOSTBody.h */ = {isa = PBXFileReference; fileEncoding = 4; lastKnownFileType = sourcecode.c.h; name = "NSMutableURLRequest+NPPOSTBody.h"; path = "Projects/Linebreak/Cloud/Framework/NSMutableURLRequest+NPPOSTBody.h"; sourceTree = DEVELOPER_DIR; };
		4B23E5E511F62CDC0055FF80 /* NSMutableURLRequest+NPPOSTBody.m */ = {isa = PBXFileReference; fileEncoding = 4; lastKnownFileType = sourcecode.c.objc; name = "NSMutableURLRequest+NPPOSTBody.m"; path = "Projects/Linebreak/Cloud/Framework/NSMutableURLRequest+NPPOSTBody.m"; sourceTree = DEVELOPER_DIR; };
		4B23E5FF11F6313E0055FF80 /* NSString+NPMimeType.h */ = {isa = PBXFileReference; fileEncoding = 4; lastKnownFileType = sourcecode.c.h; name = "NSString+NPMimeType.h"; path = "Projects/Linebreak/Cloud/Framework/NSString+NPMimeType.h"; sourceTree = DEVELOPER_DIR; };
		4B23E60011F6313E0055FF80 /* NSString+NPMimeType.m */ = {isa = PBXFileReference; fileEncoding = 4; lastKnownFileType = sourcecode.c.objc; name = "NSString+NPMimeType.m"; path = "Projects/Linebreak/Cloud/Framework/NSString+NPMimeType.m"; sourceTree = DEVELOPER_DIR; };
		4B23E62711F6342B0055FF80 /* NSString+NPAdditions.h */ = {isa = PBXFileReference; fileEncoding = 4; lastKnownFileType = sourcecode.c.h; name = "NSString+NPAdditions.h"; path = "Projects/Linebreak/Cloud/Framework/NSString+NPAdditions.h"; sourceTree = DEVELOPER_DIR; };
		4B23E62811F6342B0055FF80 /* NSString+NPAdditions.m */ = {isa = PBXFileReference; fileEncoding = 4; lastKnownFileType = sourcecode.c.objc; name = "NSString+NPAdditions.m"; path = "Projects/Linebreak/Cloud/Framework/NSString+NPAdditions.m"; sourceTree = DEVELOPER_DIR; };
		4B4CB24A11FCD5C600A9B138 /* CLURLConnection.h */ = {isa = PBXFileReference; fileEncoding = 4; lastKnownFileType = sourcecode.c.h; name = CLURLConnection.h; path = Projects/Linebreak/Cloud/Framework/CLURLConnection.h; sourceTree = DEVELOPER_DIR; };
		4B4CB24B11FCD5C600A9B138 /* CLURLConnection.m */ = {isa = PBXFileReference; fileEncoding = 4; lastKnownFileType = sourcecode.c.objc; name = CLURLConnection.m; path = Projects/Linebreak/Cloud/Framework/CLURLConnection.m; sourceTree = DEVELOPER_DIR; };
		4B4CB40911FCFB3900A9B138 /* NSArray+BSJSONAdditions.h */ = {isa = PBXFileReference; fileEncoding = 4; lastKnownFileType = sourcecode.c.h; name = "NSArray+BSJSONAdditions.h"; path = "Projects/Linebreak/Cloud/Framework/NSArray+BSJSONAdditions.h"; sourceTree = DEVELOPER_DIR; };
		4B4CB40A11FCFB3900A9B138 /* NSArray+BSJSONAdditions.m */ = {isa = PBXFileReference; fileEncoding = 4; lastKnownFileType = sourcecode.c.objc; name = "NSArray+BSJSONAdditions.m"; path = "Projects/Linebreak/Cloud/Framework/NSArray+BSJSONAdditions.m"; sourceTree = DEVELOPER_DIR; };
		4B4CB40B11FCFB3900A9B138 /* NSDictionary+BSJSONAdditions.h */ = {isa = PBXFileReference; fileEncoding = 4; lastKnownFileType = sourcecode.c.h; name = "NSDictionary+BSJSONAdditions.h"; path = "Projects/Linebreak/Cloud/Framework/NSDictionary+BSJSONAdditions.h"; sourceTree = DEVELOPER_DIR; };
		4B4CB40C11FCFB3900A9B138 /* NSDictionary+BSJSONAdditions.m */ = {isa = PBXFileReference; fileEncoding = 4; lastKnownFileType = sourcecode.c.objc; name = "NSDictionary+BSJSONAdditions.m"; path = "Projects/Linebreak/Cloud/Framework/NSDictionary+BSJSONAdditions.m"; sourceTree = DEVELOPER_DIR; };
		4B4CB40D11FCFB3900A9B138 /* NSScanner+BSJSONAdditions.h */ = {isa = PBXFileReference; fileEncoding = 4; lastKnownFileType = sourcecode.c.h; name = "NSScanner+BSJSONAdditions.h"; path = "Projects/Linebreak/Cloud/Framework/NSScanner+BSJSONAdditions.h"; sourceTree = DEVELOPER_DIR; };
		4B4CB40E11FCFB3900A9B138 /* NSScanner+BSJSONAdditions.m */ = {isa = PBXFileReference; fileEncoding = 4; lastKnownFileType = sourcecode.c.objc; name = "NSScanner+BSJSONAdditions.m"; path = "Projects/Linebreak/Cloud/Framework/NSScanner+BSJSONAdditions.m"; sourceTree = DEVELOPER_DIR; };
		4B4CB40F11FCFB3900A9B138 /* NSString+BSJSONAdditions.h */ = {isa = PBXFileReference; fileEncoding = 4; lastKnownFileType = sourcecode.c.h; name = "NSString+BSJSONAdditions.h"; path = "Projects/Linebreak/Cloud/Framework/NSString+BSJSONAdditions.h"; sourceTree = DEVELOPER_DIR; };
		4B4CB41011FCFB3900A9B138 /* NSString+BSJSONAdditions.m */ = {isa = PBXFileReference; fileEncoding = 4; lastKnownFileType = sourcecode.c.objc; name = "NSString+BSJSONAdditions.m"; path = "Projects/Linebreak/Cloud/Framework/NSString+BSJSONAdditions.m"; sourceTree = DEVELOPER_DIR; };
		4B4CB41111FCFB3900A9B138 /* BSJSONEncoder.h */ = {isa = PBXFileReference; fileEncoding = 4; lastKnownFileType = sourcecode.c.h; name = BSJSONEncoder.h; path = Projects/Linebreak/Cloud/Framework/BSJSONEncoder.h; sourceTree = DEVELOPER_DIR; };
		4B4CB41211FCFB3900A9B138 /* BSJSONEncoder.m */ = {isa = PBXFileReference; fileEncoding = 4; lastKnownFileType = sourcecode.c.objc; name = BSJSONEncoder.m; path = Projects/Linebreak/Cloud/Framework/BSJSONEncoder.m; sourceTree = DEVELOPER_DIR; };
		4B8D541C120F3F59002F9D35 /* CLAPIEngineDelegate.h */ = {isa = PBXFileReference; fileEncoding = 4; lastKnownFileType = sourcecode.c.h; name = CLAPIEngineDelegate.h; path = Projects/Linebreak/Cloud/Framework/CLAPIEngineDelegate.h; sourceTree = DEVELOPER_DIR; };
		8DC2EF5A0486A6940098B216 /* Info.plist */ = {isa = PBXFileReference; fileEncoding = 4; lastKnownFileType = text.plist.xml; path = Info.plist; sourceTree = "<group>"; };
		8DC2EF5B0486A6940098B216 /* Cloud.framework */ = {isa = PBXFileReference; explicitFileType = wrapper.framework; includeInIndex = 0; path = Cloud.framework; sourceTree = BUILT_PRODUCTS_DIR; };
		D2F7E79907B2D74100F64583 /* CoreData.framework */ = {isa = PBXFileReference; lastKnownFileType = wrapper.framework; name = CoreData.framework; path = /System/Library/Frameworks/CoreData.framework; sourceTree = "<absolute>"; };
/* End PBXFileReference section */

/* Begin PBXFrameworksBuildPhase section */
		8DC2EF560486A6940098B216 /* Frameworks */ = {
			isa = PBXFrameworksBuildPhase;
			buildActionMask = 2147483647;
			files = (
				8DC2EF570486A6940098B216 /* Cocoa.framework in Frameworks */,
			);
			runOnlyForDeploymentPostprocessing = 0;
		};
/* End PBXFrameworksBuildPhase section */

/* Begin PBXGroup section */
		034768DFFF38A50411DB9C8B /* Products */ = {
			isa = PBXGroup;
			children = (
				8DC2EF5B0486A6940098B216 /* Cloud.framework */,
			);
			name = Products;
			sourceTree = "<group>";
		};
		0867D691FE84028FC02AAC07 /* Cloud */ = {
			isa = PBXGroup;
			children = (
				08FB77AEFE84172EC02AAC07 /* Classes */,
				32C88DFF0371C24200C91783 /* Other Sources */,
				089C1665FE841158C02AAC07 /* Resources */,
				0867D69AFE84028FC02AAC07 /* External Frameworks and Libraries */,
				034768DFFF38A50411DB9C8B /* Products */,
			);
			name = Cloud;
			sourceTree = "<group>";
		};
		0867D69AFE84028FC02AAC07 /* External Frameworks and Libraries */ = {
			isa = PBXGroup;
			children = (
				1058C7B0FEA5585E11CA2CBB /* Linked Frameworks */,
				1058C7B2FEA5585E11CA2CBB /* Other Frameworks */,
			);
			name = "External Frameworks and Libraries";
			sourceTree = "<group>";
		};
		089C1665FE841158C02AAC07 /* Resources */ = {
			isa = PBXGroup;
			children = (
				8DC2EF5A0486A6940098B216 /* Info.plist */,
				089C1666FE841158C02AAC07 /* InfoPlist.strings */,
			);
			name = Resources;
			sourceTree = "<group>";
		};
		08FB77AEFE84172EC02AAC07 /* Classes */ = {
			isa = PBXGroup;
			children = (
				4B8D5371120F0447002F9D35 /* Cloud API Engine */,
			);
			name = Classes;
			sourceTree = "<group>";
		};
		1058C7B0FEA5585E11CA2CBB /* Linked Frameworks */ = {
			isa = PBXGroup;
			children = (
				1058C7B1FEA5585E11CA2CBB /* Cocoa.framework */,
			);
			name = "Linked Frameworks";
			sourceTree = "<group>";
		};
		1058C7B2FEA5585E11CA2CBB /* Other Frameworks */ = {
			isa = PBXGroup;
			children = (
				0867D6A5FE840307C02AAC07 /* AppKit.framework */,
				D2F7E79907B2D74100F64583 /* CoreData.framework */,
				0867D69BFE84028FC02AAC07 /* Foundation.framework */,
			);
			name = "Other Frameworks";
			sourceTree = "<group>";
		};
		32C88DFF0371C24200C91783 /* Other Sources */ = {
			isa = PBXGroup;
			children = (
				32DBCF5E0370ADEE00C91783 /* Cloud_Prefix.pch */,
			);
			name = "Other Sources";
			sourceTree = "<group>";
		};
		4B23E54C11F5EC580055FF80 /* Upload Model */ = {
			isa = PBXGroup;
			children = (
			);
			name = "Upload Model";
			sourceTree = "<group>";
		};
		4B4CB41811FCFB3B00A9B138 /* BSJSONAdditions */ = {
			isa = PBXGroup;
			children = (
				4B4CB40911FCFB3900A9B138 /* NSArray+BSJSONAdditions.h */,
				4B4CB40A11FCFB3900A9B138 /* NSArray+BSJSONAdditions.m */,
				4B4CB40B11FCFB3900A9B138 /* NSDictionary+BSJSONAdditions.h */,
				4B4CB40C11FCFB3900A9B138 /* NSDictionary+BSJSONAdditions.m */,
				4B4CB40D11FCFB3900A9B138 /* NSScanner+BSJSONAdditions.h */,
				4B4CB40E11FCFB3900A9B138 /* NSScanner+BSJSONAdditions.m */,
				4B4CB40F11FCFB3900A9B138 /* NSString+BSJSONAdditions.h */,
				4B4CB41011FCFB3900A9B138 /* NSString+BSJSONAdditions.m */,
				4B4CB41111FCFB3900A9B138 /* BSJSONEncoder.h */,
				4B4CB41211FCFB3900A9B138 /* BSJSONEncoder.m */,
			);
			name = BSJSONAdditions;
			sourceTree = "<group>";
		};
		4B8D5371120F0447002F9D35 /* Cloud API Engine */ = {
			isa = PBXGroup;
			children = (
				4B23E54C11F5EC580055FF80 /* Upload Model */,
				4B23E53B11F5EC060055FF80 /* CLUpload.h */,
				4B23E53C11F5EC060055FF80 /* CLUpload.m */,
				4B23E53F11F5EC0A0055FF80 /* CLFileUpload.h */,
				4B23E54011F5EC0A0055FF80 /* CLFileUpload.m */,
				4B23E54311F5EC190055FF80 /* CLRedirectUpload.h */,
				4B23E54411F5EC190055FF80 /* CLRedirectUpload.m */,
				4B23E54711F5EC200055FF80 /* CLTextUpload.h */,
				4B23E54811F5EC200055FF80 /* CLTextUpload.m */,
				4B23E53311F5EBEF0055FF80 /* CLWebItem.h */,
				4B23E53411F5EBEF0055FF80 /* CLWebItem.m */,
				4B23E54D11F5EC6D0055FF80 /* CLAPIEngine.h */,
				4B23E54E11F5EC6D0055FF80 /* CLAPIEngine.m */,
				4B8D541C120F3F59002F9D35 /* CLAPIEngineDelegate.h */,
				4B23E53711F5EC010055FF80 /* CLAccount.h */,
				4B23E53811F5EC010055FF80 /* CLAccount.m */,
				4B23E5E411F62CDC0055FF80 /* NSMutableURLRequest+NPPOSTBody.h */,
				4B23E5E511F62CDC0055FF80 /* NSMutableURLRequest+NPPOSTBody.m */,
				4B23E5FF11F6313E0055FF80 /* NSString+NPMimeType.h */,
				4B23E60011F6313E0055FF80 /* NSString+NPMimeType.m */,
				4B23E62711F6342B0055FF80 /* NSString+NPAdditions.h */,
				4B23E62811F6342B0055FF80 /* NSString+NPAdditions.m */,
				4B4CB24A11FCD5C600A9B138 /* CLURLConnection.h */,
				4B4CB24B11FCD5C600A9B138 /* CLURLConnection.m */,
				4B4CB41811FCFB3B00A9B138 /* BSJSONAdditions */,
			);
			name = "Cloud API Engine";
			sourceTree = "<group>";
		};
/* End PBXGroup section */

/* Begin PBXNativeTarget section */
		8DC2EF4F0486A6940098B216 /* Cloud */ = {
			isa = PBXNativeTarget;
			buildConfigurationList = 1DEB91AD08733DA50010E9CD /* Build configuration list for PBXNativeTarget "Cloud" */;
			buildPhases = (
				8DC2EF540486A6940098B216 /* Sources */,
				8DC2EF560486A6940098B216 /* Frameworks */,
				4B4CB38011FCF02700A9B138 /* CopyFiles */,
			);
			buildRules = (
			);
			dependencies = (
			);
			name = Cloud;
			productInstallPath = "$(HOME)/Library/Frameworks";
			productName = Cloud;
			productReference = 8DC2EF5B0486A6940098B216 /* Cloud.framework */;
			productType = "com.apple.product-type.framework";
		};
/* End PBXNativeTarget section */

/* Begin PBXProject section */
		0867D690FE84028FC02AAC07 /* Project object */ = {
			isa = PBXProject;
			buildConfigurationList = 1DEB91B108733DA50010E9CD /* Build configuration list for PBXProject "Cloud" */;
			compatibilityVersion = "Xcode 3.1";
			hasScannedForEncodings = 1;
			mainGroup = 0867D691FE84028FC02AAC07 /* Cloud */;
			productRefGroup = 034768DFFF38A50411DB9C8B /* Products */;
			projectDirPath = "";
			projectRoot = "";
			targets = (
				8DC2EF4F0486A6940098B216 /* Cloud */,
			);
		};
/* End PBXProject section */

/* Begin PBXSourcesBuildPhase section */
		8DC2EF540486A6940098B216 /* Sources */ = {
			isa = PBXSourcesBuildPhase;
			buildActionMask = 2147483647;
			files = (
				4B23E53611F5EBEF0055FF80 /* CLWebItem.m in Sources */,
				4B23E53A11F5EC010055FF80 /* CLAccount.m in Sources */,
				4B23E53E11F5EC060055FF80 /* CLUpload.m in Sources */,
				4B23E54211F5EC0A0055FF80 /* CLFileUpload.m in Sources */,
				4B23E54611F5EC190055FF80 /* CLRedirectUpload.m in Sources */,
				4B23E54A11F5EC200055FF80 /* CLTextUpload.m in Sources */,
				4B23E55011F5EC6D0055FF80 /* CLAPIEngine.m in Sources */,
				4B23E5E711F62CDC0055FF80 /* NSMutableURLRequest+NPPOSTBody.m in Sources */,
				4B23E60211F6313E0055FF80 /* NSString+NPMimeType.m in Sources */,
				4B23E62A11F6342B0055FF80 /* NSString+NPAdditions.m in Sources */,
				4B4CB24D11FCD5C600A9B138 /* CLURLConnection.m in Sources */,
				4B4CB41311FCFB3900A9B138 /* NSArray+BSJSONAdditions.m in Sources */,
				4B4CB41411FCFB3900A9B138 /* NSDictionary+BSJSONAdditions.m in Sources */,
				4B4CB41511FCFB3900A9B138 /* NSScanner+BSJSONAdditions.m in Sources */,
				4B4CB41611FCFB3900A9B138 /* NSString+BSJSONAdditions.m in Sources */,
				4B4CB41711FCFB3900A9B138 /* BSJSONEncoder.m in Sources */,
			);
			runOnlyForDeploymentPostprocessing = 0;
		};
/* End PBXSourcesBuildPhase section */

/* Begin PBXVariantGroup section */
		089C1666FE841158C02AAC07 /* InfoPlist.strings */ = {
			isa = PBXVariantGroup;
			children = (
				089C1667FE841158C02AAC07 /* English */,
			);
			name = InfoPlist.strings;
			sourceTree = "<group>";
		};
/* End PBXVariantGroup section */

/* Begin XCBuildConfiguration section */
		1DEB91AE08733DA50010E9CD /* Debug */ = {
			isa = XCBuildConfiguration;
			buildSettings = {
				ALWAYS_SEARCH_USER_PATHS = NO;
				COPY_PHASE_STRIP = NO;
				DYLIB_COMPATIBILITY_VERSION = 1;
				DYLIB_CURRENT_VERSION = 1;
				FRAMEWORK_VERSION = A;
				GCC_DYNAMIC_NO_PIC = NO;
				GCC_ENABLE_FIX_AND_CONTINUE = YES;
				GCC_MODEL_TUNING = G5;
				GCC_OPTIMIZATION_LEVEL = 0;
				GCC_PRECOMPILE_PREFIX_HEADER = YES;
				GCC_PREFIX_HEADER = Cloud_Prefix.pch;
				INFOPLIST_FILE = Info.plist;
				INSTALL_PATH = "$(HOME)/Library/Frameworks";
				PRODUCT_NAME = Cloud;
				WRAPPER_EXTENSION = framework;
			};
			name = Debug;
		};
		1DEB91AF08733DA50010E9CD /* Release */ = {
			isa = XCBuildConfiguration;
			buildSettings = {
				ALWAYS_SEARCH_USER_PATHS = NO;
				DEBUG_INFORMATION_FORMAT = "dwarf-with-dsym";
				DYLIB_COMPATIBILITY_VERSION = 1;
				DYLIB_CURRENT_VERSION = 1;
				FRAMEWORK_VERSION = A;
				GCC_MODEL_TUNING = G5;
				GCC_PRECOMPILE_PREFIX_HEADER = YES;
				GCC_PREFIX_HEADER = Cloud_Prefix.pch;
				INFOPLIST_FILE = Info.plist;
				INSTALL_PATH = "$(HOME)/Library/Frameworks";
				PRODUCT_NAME = Cloud;
				WRAPPER_EXTENSION = framework;
			};
			name = Release;
		};
		1DEB91B208733DA50010E9CD /* Debug */ = {
			isa = XCBuildConfiguration;
			buildSettings = {
				ARCHS = "$(ARCHS_STANDARD_32_64_BIT)";
				GCC_C_LANGUAGE_STANDARD = gnu99;
				GCC_OPTIMIZATION_LEVEL = 0;
				GCC_WARN_ABOUT_RETURN_TYPE = YES;
				GCC_WARN_UNUSED_VARIABLE = YES;
				ONLY_ACTIVE_ARCH = YES;
				PREBINDING = NO;
				SDKROOT = macosx10.6;
			};
			name = Debug;
		};
		1DEB91B308733DA50010E9CD /* Release */ = {
			isa = XCBuildConfiguration;
			buildSettings = {
				ARCHS = "$(ARCHS_STANDARD_32_64_BIT)";
				GCC_C_LANGUAGE_STANDARD = gnu99;
				GCC_WARN_ABOUT_RETURN_TYPE = YES;
				GCC_WARN_UNUSED_VARIABLE = YES;
				PREBINDING = NO;
				SDKROOT = macosx10.6;
			};
			name = Release;
		};
/* End XCBuildConfiguration section */

/* Begin XCConfigurationList section */
		1DEB91AD08733DA50010E9CD /* Build configuration list for PBXNativeTarget "Cloud" */ = {
			isa = XCConfigurationList;
			buildConfigurations = (
				1DEB91AE08733DA50010E9CD /* Debug */,
				1DEB91AF08733DA50010E9CD /* Release */,
			);
			defaultConfigurationIsVisible = 0;
			defaultConfigurationName = Release;
		};
		1DEB91B108733DA50010E9CD /* Build configuration list for PBXProject "Cloud" */ = {
			isa = XCConfigurationList;
			buildConfigurations = (
				1DEB91B208733DA50010E9CD /* Debug */,
				1DEB91B308733DA50010E9CD /* Release */,
			);
			defaultConfigurationIsVisible = 0;
			defaultConfigurationName = Release;
		};
/* End XCConfigurationList section */
	};
	rootObject = 0867D690FE84028FC02AAC07 /* Project object */;
}
