// !$*UTF8*$!
{
	archiveVersion = 1;
	classes = {
	};
	objectVersion = 45;
	objects = {

/* Begin PBXBuildFile section */
		1DDD58160DA1D0A300B32029 /* MainMenu.xib in Resources */ = {isa = PBXBuildFile; fileRef = 1DDD58140DA1D0A300B32029 /* MainMenu.xib */; };
		256AC3DA0F4B6AC300CF3369 /* TestHarnessAppDelegate.m in Sources */ = {isa = PBXBuildFile; fileRef = 256AC3D90F4B6AC300CF3369 /* TestHarnessAppDelegate.m */; };
		4B2D3C0D12CC33090060CCFD /* CLAPIDeserializer.m in Sources */ = {isa = PBXBuildFile; fileRef = 4B2D3BDB12CC33090060CCFD /* CLAPIDeserializer.m */; };
		4B2D3C0E12CC33090060CCFD /* CLAPISerializer.m in Sources */ = {isa = PBXBuildFile; fileRef = 4B2D3BDD12CC33090060CCFD /* CLAPISerializer.m */; };
		4B2D3C0F12CC33090060CCFD /* NSMutableURLRequest+NPPOSTBody.m in Sources */ = {isa = PBXBuildFile; fileRef = 4B2D3BE012CC33090060CCFD /* NSMutableURLRequest+NPPOSTBody.m */; };
		4B2D3C1012CC33090060CCFD /* NSString+NPAdditions.m in Sources */ = {isa = PBXBuildFile; fileRef = 4B2D3BE212CC33090060CCFD /* NSString+NPAdditions.m */; };
		4B2D3C1112CC33090060CCFD /* NSString+NPMimeType.m in Sources */ = {isa = PBXBuildFile; fileRef = 4B2D3BE412CC33090060CCFD /* NSString+NPMimeType.m */; };
		4B2D3C1212CC33090060CCFD /* CLAPIEngine.m in Sources */ = {isa = PBXBuildFile; fileRef = 4B2D3BE612CC33090060CCFD /* CLAPIEngine.m */; };
		4B2D3C1312CC33090060CCFD /* CLAPITransaction.m in Sources */ = {isa = PBXBuildFile; fileRef = 4B2D3BEA12CC33090060CCFD /* CLAPITransaction.m */; };
		4B2D3C1412CC33090060CCFD /* CLAccount.m in Sources */ = {isa = PBXBuildFile; fileRef = 4B2D3BED12CC33090060CCFD /* CLAccount.m */; };
		4B2D3C1512CC33090060CCFD /* CLWebItem.m in Sources */ = {isa = PBXBuildFile; fileRef = 4B2D3BEF12CC33090060CCFD /* CLWebItem.m */; };
		4B2D3C1612CC33090060CCFD /* CDataScanner.m in Sources */ = {isa = PBXBuildFile; fileRef = 4B2D3BF412CC33090060CCFD /* CDataScanner.m */; };
		4B2D3C1A12CC33090060CCFD /* CDataScanner_Extensions.m in Sources */ = {isa = PBXBuildFile; fileRef = 4B2D3BFE12CC33090060CCFD /* CDataScanner_Extensions.m */; };
		4B2D3C1B12CC33090060CCFD /* NSCharacterSet_Extensions.m in Sources */ = {isa = PBXBuildFile; fileRef = 4B2D3C0012CC33090060CCFD /* NSCharacterSet_Extensions.m */; };
		4B2D3C1C12CC33090060CCFD /* NSDictionary_JSONExtensions.m in Sources */ = {isa = PBXBuildFile; fileRef = 4B2D3C0212CC33090060CCFD /* NSDictionary_JSONExtensions.m */; };
		4B2D3C1D12CC33090060CCFD /* NSScanner_Extensions.m in Sources */ = {isa = PBXBuildFile; fileRef = 4B2D3C0412CC33090060CCFD /* NSScanner_Extensions.m */; };
		4B2D3C1E12CC33090060CCFD /* CJSONDeserializer.m in Sources */ = {isa = PBXBuildFile; fileRef = 4B2D3C0712CC33090060CCFD /* CJSONDeserializer.m */; };
		4B2D3C1F12CC33090060CCFD /* CJSONScanner.m in Sources */ = {isa = PBXBuildFile; fileRef = 4B2D3C0912CC33090060CCFD /* CJSONScanner.m */; };
		4B2D3C2012CC33090060CCFD /* CJSONSerializer.m in Sources */ = {isa = PBXBuildFile; fileRef = 4B2D3C0B12CC33090060CCFD /* CJSONSerializer.m */; };
		8D11072B0486CEB800E47090 /* InfoPlist.strings in Resources */ = {isa = PBXBuildFile; fileRef = 089C165CFE840E0CC02AAC07 /* InfoPlist.strings */; };
		8D11072D0486CEB800E47090 /* main.m in Sources */ = {isa = PBXBuildFile; fileRef = 29B97316FDCFA39411CA2CEA /* main.m */; settings = {ATTRIBUTES = (); }; };
		8D11072F0486CEB800E47090 /* Cocoa.framework in Frameworks */ = {isa = PBXBuildFile; fileRef = 1058C7A1FEA54F0111CA2CBB /* Cocoa.framework */; };
/* End PBXBuildFile section */

/* Begin PBXFileReference section */
		089C165DFE840E0CC02AAC07 /* English */ = {isa = PBXFileReference; fileEncoding = 4; lastKnownFileType = text.plist.strings; name = English; path = English.lproj/InfoPlist.strings; sourceTree = "<group>"; };
		1058C7A1FEA54F0111CA2CBB /* Cocoa.framework */ = {isa = PBXFileReference; lastKnownFileType = wrapper.framework; name = Cocoa.framework; path = /System/Library/Frameworks/Cocoa.framework; sourceTree = "<absolute>"; };
		13E42FB307B3F0F600E4EEF1 /* CoreData.framework */ = {isa = PBXFileReference; lastKnownFileType = wrapper.framework; name = CoreData.framework; path = /System/Library/Frameworks/CoreData.framework; sourceTree = "<absolute>"; };
		1DDD58150DA1D0A300B32029 /* English */ = {isa = PBXFileReference; lastKnownFileType = file.xib; name = English; path = English.lproj/MainMenu.xib; sourceTree = "<group>"; };
		256AC3D80F4B6AC300CF3369 /* TestHarnessAppDelegate.h */ = {isa = PBXFileReference; fileEncoding = 4; lastKnownFileType = sourcecode.c.h; path = TestHarnessAppDelegate.h; sourceTree = "<group>"; };
		256AC3D90F4B6AC300CF3369 /* TestHarnessAppDelegate.m */ = {isa = PBXFileReference; fileEncoding = 4; lastKnownFileType = sourcecode.c.objc; path = TestHarnessAppDelegate.m; sourceTree = "<group>"; };
		256AC3F00F4B6AF500CF3369 /* TestHarness_Prefix.pch */ = {isa = PBXFileReference; fileEncoding = 4; lastKnownFileType = sourcecode.c.h; path = TestHarness_Prefix.pch; sourceTree = "<group>"; };
		29B97316FDCFA39411CA2CEA /* main.m */ = {isa = PBXFileReference; fileEncoding = 4; lastKnownFileType = sourcecode.c.objc; path = main.m; sourceTree = "<group>"; };
		29B97324FDCFA39411CA2CEA /* AppKit.framework */ = {isa = PBXFileReference; lastKnownFileType = wrapper.framework; name = AppKit.framework; path = /System/Library/Frameworks/AppKit.framework; sourceTree = "<absolute>"; };
		29B97325FDCFA39411CA2CEA /* Foundation.framework */ = {isa = PBXFileReference; lastKnownFileType = wrapper.framework; name = Foundation.framework; path = /System/Library/Frameworks/Foundation.framework; sourceTree = "<absolute>"; };
		4B2D3BDA12CC33090060CCFD /* CLAPIDeserializer.h */ = {isa = PBXFileReference; fileEncoding = 4; lastKnownFileType = sourcecode.c.h; path = CLAPIDeserializer.h; sourceTree = "<group>"; };
		4B2D3BDB12CC33090060CCFD /* CLAPIDeserializer.m */ = {isa = PBXFileReference; fileEncoding = 4; lastKnownFileType = sourcecode.c.objc; path = CLAPIDeserializer.m; sourceTree = "<group>"; };
		4B2D3BDC12CC33090060CCFD /* CLAPISerializer.h */ = {isa = PBXFileReference; fileEncoding = 4; lastKnownFileType = sourcecode.c.h; path = CLAPISerializer.h; sourceTree = "<group>"; };
		4B2D3BDD12CC33090060CCFD /* CLAPISerializer.m */ = {isa = PBXFileReference; fileEncoding = 4; lastKnownFileType = sourcecode.c.objc; path = CLAPISerializer.m; sourceTree = "<group>"; };
		4B2D3BDF12CC33090060CCFD /* NSMutableURLRequest+NPPOSTBody.h */ = {isa = PBXFileReference; fileEncoding = 4; lastKnownFileType = sourcecode.c.h; path = "NSMutableURLRequest+NPPOSTBody.h"; sourceTree = "<group>"; };
		4B2D3BE012CC33090060CCFD /* NSMutableURLRequest+NPPOSTBody.m */ = {isa = PBXFileReference; fileEncoding = 4; lastKnownFileType = sourcecode.c.objc; path = "NSMutableURLRequest+NPPOSTBody.m"; sourceTree = "<group>"; };
		4B2D3BE112CC33090060CCFD /* NSString+NPAdditions.h */ = {isa = PBXFileReference; fileEncoding = 4; lastKnownFileType = sourcecode.c.h; path = "NSString+NPAdditions.h"; sourceTree = "<group>"; };
		4B2D3BE212CC33090060CCFD /* NSString+NPAdditions.m */ = {isa = PBXFileReference; fileEncoding = 4; lastKnownFileType = sourcecode.c.objc; path = "NSString+NPAdditions.m"; sourceTree = "<group>"; };
		4B2D3BE312CC33090060CCFD /* NSString+NPMimeType.h */ = {isa = PBXFileReference; fileEncoding = 4; lastKnownFileType = sourcecode.c.h; path = "NSString+NPMimeType.h"; sourceTree = "<group>"; };
		4B2D3BE412CC33090060CCFD /* NSString+NPMimeType.m */ = {isa = PBXFileReference; fileEncoding = 4; lastKnownFileType = sourcecode.c.objc; path = "NSString+NPMimeType.m"; sourceTree = "<group>"; };
		4B2D3BE512CC33090060CCFD /* CLAPIEngine.h */ = {isa = PBXFileReference; fileEncoding = 4; lastKnownFileType = sourcecode.c.h; path = CLAPIEngine.h; sourceTree = "<group>"; };
		4B2D3BE612CC33090060CCFD /* CLAPIEngine.m */ = {isa = PBXFileReference; fileEncoding = 4; lastKnownFileType = sourcecode.c.objc; path = CLAPIEngine.m; sourceTree = "<group>"; };
		4B2D3BE712CC33090060CCFD /* CLAPIEngineConstants.h */ = {isa = PBXFileReference; fileEncoding = 4; lastKnownFileType = sourcecode.c.h; path = CLAPIEngineConstants.h; sourceTree = "<group>"; };
		4B2D3BE812CC33090060CCFD /* CLAPIEngineDelegate.h */ = {isa = PBXFileReference; fileEncoding = 4; lastKnownFileType = sourcecode.c.h; path = CLAPIEngineDelegate.h; sourceTree = "<group>"; };
		4B2D3BE912CC33090060CCFD /* CLAPITransaction.h */ = {isa = PBXFileReference; fileEncoding = 4; lastKnownFileType = sourcecode.c.h; path = CLAPITransaction.h; sourceTree = "<group>"; };
		4B2D3BEA12CC33090060CCFD /* CLAPITransaction.m */ = {isa = PBXFileReference; fileEncoding = 4; lastKnownFileType = sourcecode.c.objc; path = CLAPITransaction.m; sourceTree = "<group>"; };
		4B2D3BEC12CC33090060CCFD /* CLAccount.h */ = {isa = PBXFileReference; fileEncoding = 4; lastKnownFileType = sourcecode.c.h; path = CLAccount.h; sourceTree = "<group>"; };
		4B2D3BED12CC33090060CCFD /* CLAccount.m */ = {isa = PBXFileReference; fileEncoding = 4; lastKnownFileType = sourcecode.c.objc; path = CLAccount.m; sourceTree = "<group>"; };
		4B2D3BEE12CC33090060CCFD /* CLWebItem.h */ = {isa = PBXFileReference; fileEncoding = 4; lastKnownFileType = sourcecode.c.h; path = CLWebItem.h; sourceTree = "<group>"; };
		4B2D3BEF12CC33090060CCFD /* CLWebItem.m */ = {isa = PBXFileReference; fileEncoding = 4; lastKnownFileType = sourcecode.c.objc; path = CLWebItem.m; sourceTree = "<group>"; };
		4B2D3BF312CC33090060CCFD /* CDataScanner.h */ = {isa = PBXFileReference; fileEncoding = 4; lastKnownFileType = sourcecode.c.h; path = CDataScanner.h; sourceTree = "<group>"; };
		4B2D3BF412CC33090060CCFD /* CDataScanner.m */ = {isa = PBXFileReference; fileEncoding = 4; lastKnownFileType = sourcecode.c.objc; path = CDataScanner.m; sourceTree = "<group>"; };
		4B2D3BFD12CC33090060CCFD /* CDataScanner_Extensions.h */ = {isa = PBXFileReference; fileEncoding = 4; lastKnownFileType = sourcecode.c.h; path = CDataScanner_Extensions.h; sourceTree = "<group>"; };
		4B2D3BFE12CC33090060CCFD /* CDataScanner_Extensions.m */ = {isa = PBXFileReference; fileEncoding = 4; lastKnownFileType = sourcecode.c.objc; path = CDataScanner_Extensions.m; sourceTree = "<group>"; };
		4B2D3BFF12CC33090060CCFD /* NSCharacterSet_Extensions.h */ = {isa = PBXFileReference; fileEncoding = 4; lastKnownFileType = sourcecode.c.h; path = NSCharacterSet_Extensions.h; sourceTree = "<group>"; };
		4B2D3C0012CC33090060CCFD /* NSCharacterSet_Extensions.m */ = {isa = PBXFileReference; fileEncoding = 4; lastKnownFileType = sourcecode.c.objc; path = NSCharacterSet_Extensions.m; sourceTree = "<group>"; };
		4B2D3C0112CC33090060CCFD /* NSDictionary_JSONExtensions.h */ = {isa = PBXFileReference; fileEncoding = 4; lastKnownFileType = sourcecode.c.h; path = NSDictionary_JSONExtensions.h; sourceTree = "<group>"; };
		4B2D3C0212CC33090060CCFD /* NSDictionary_JSONExtensions.m */ = {isa = PBXFileReference; fileEncoding = 4; lastKnownFileType = sourcecode.c.objc; path = NSDictionary_JSONExtensions.m; sourceTree = "<group>"; };
		4B2D3C0312CC33090060CCFD /* NSScanner_Extensions.h */ = {isa = PBXFileReference; fileEncoding = 4; lastKnownFileType = sourcecode.c.h; path = NSScanner_Extensions.h; sourceTree = "<group>"; };
		4B2D3C0412CC33090060CCFD /* NSScanner_Extensions.m */ = {isa = PBXFileReference; fileEncoding = 4; lastKnownFileType = sourcecode.c.objc; path = NSScanner_Extensions.m; sourceTree = "<group>"; };
		4B2D3C0612CC33090060CCFD /* CJSONDeserializer.h */ = {isa = PBXFileReference; fileEncoding = 4; lastKnownFileType = sourcecode.c.h; path = CJSONDeserializer.h; sourceTree = "<group>"; };
		4B2D3C0712CC33090060CCFD /* CJSONDeserializer.m */ = {isa = PBXFileReference; fileEncoding = 4; lastKnownFileType = sourcecode.c.objc; path = CJSONDeserializer.m; sourceTree = "<group>"; };
		4B2D3C0812CC33090060CCFD /* CJSONScanner.h */ = {isa = PBXFileReference; fileEncoding = 4; lastKnownFileType = sourcecode.c.h; path = CJSONScanner.h; sourceTree = "<group>"; };
		4B2D3C0912CC33090060CCFD /* CJSONScanner.m */ = {isa = PBXFileReference; fileEncoding = 4; lastKnownFileType = sourcecode.c.objc; path = CJSONScanner.m; sourceTree = "<group>"; };
		4B2D3C0A12CC33090060CCFD /* CJSONSerializer.h */ = {isa = PBXFileReference; fileEncoding = 4; lastKnownFileType = sourcecode.c.h; path = CJSONSerializer.h; sourceTree = "<group>"; };
		4B2D3C0B12CC33090060CCFD /* CJSONSerializer.m */ = {isa = PBXFileReference; fileEncoding = 4; lastKnownFileType = sourcecode.c.objc; path = CJSONSerializer.m; sourceTree = "<group>"; };
		4B2D3C0C12CC33090060CCFD /* JSONRepresentation.h */ = {isa = PBXFileReference; fileEncoding = 4; lastKnownFileType = sourcecode.c.h; path = JSONRepresentation.h; sourceTree = "<group>"; };
		8D1107310486CEB800E47090 /* TestHarness-Info.plist */ = {isa = PBXFileReference; fileEncoding = 4; lastKnownFileType = text.plist.xml; path = "TestHarness-Info.plist"; sourceTree = "<group>"; };
		8D1107320486CEB800E47090 /* TestHarness.app */ = {isa = PBXFileReference; explicitFileType = wrapper.application; includeInIndex = 0; path = TestHarness.app; sourceTree = BUILT_PRODUCTS_DIR; };
/* End PBXFileReference section */

/* Begin PBXFrameworksBuildPhase section */
		8D11072E0486CEB800E47090 /* Frameworks */ = {
			isa = PBXFrameworksBuildPhase;
			buildActionMask = 2147483647;
			files = (
				8D11072F0486CEB800E47090 /* Cocoa.framework in Frameworks */,
			);
			runOnlyForDeploymentPostprocessing = 0;
		};
/* End PBXFrameworksBuildPhase section */

/* Begin PBXGroup section */
		080E96DDFE201D6D7F000001 /* Classes */ = {
			isa = PBXGroup;
			children = (
				256AC3D80F4B6AC300CF3369 /* TestHarnessAppDelegate.h */,
				256AC3D90F4B6AC300CF3369 /* TestHarnessAppDelegate.m */,
				4B2D3BD812CC33090060CCFD /* Wrapper */,
			);
			name = Classes;
			sourceTree = "<group>";
		};
		1058C7A0FEA54F0111CA2CBB /* Linked Frameworks */ = {
			isa = PBXGroup;
			children = (
				1058C7A1FEA54F0111CA2CBB /* Cocoa.framework */,
			);
			name = "Linked Frameworks";
			sourceTree = "<group>";
		};
		1058C7A2FEA54F0111CA2CBB /* Other Frameworks */ = {
			isa = PBXGroup;
			children = (
				29B97324FDCFA39411CA2CEA /* AppKit.framework */,
				13E42FB307B3F0F600E4EEF1 /* CoreData.framework */,
				29B97325FDCFA39411CA2CEA /* Foundation.framework */,
			);
			name = "Other Frameworks";
			sourceTree = "<group>";
		};
		19C28FACFE9D520D11CA2CBB /* Products */ = {
			isa = PBXGroup;
			children = (
				8D1107320486CEB800E47090 /* TestHarness.app */,
			);
			name = Products;
			sourceTree = "<group>";
		};
		29B97314FDCFA39411CA2CEA /* TestHarness */ = {
			isa = PBXGroup;
			children = (
				080E96DDFE201D6D7F000001 /* Classes */,
				29B97315FDCFA39411CA2CEA /* Other Sources */,
				29B97317FDCFA39411CA2CEA /* Resources */,
				29B97323FDCFA39411CA2CEA /* Frameworks */,
				19C28FACFE9D520D11CA2CBB /* Products */,
			);
			name = TestHarness;
			sourceTree = "<group>";
		};
		29B97315FDCFA39411CA2CEA /* Other Sources */ = {
			isa = PBXGroup;
			children = (
				256AC3F00F4B6AF500CF3369 /* TestHarness_Prefix.pch */,
				29B97316FDCFA39411CA2CEA /* main.m */,
			);
			name = "Other Sources";
			sourceTree = "<group>";
		};
		29B97317FDCFA39411CA2CEA /* Resources */ = {
			isa = PBXGroup;
			children = (
				8D1107310486CEB800E47090 /* TestHarness-Info.plist */,
				089C165CFE840E0CC02AAC07 /* InfoPlist.strings */,
				1DDD58140DA1D0A300B32029 /* MainMenu.xib */,
			);
			name = Resources;
			sourceTree = "<group>";
		};
		29B97323FDCFA39411CA2CEA /* Frameworks */ = {
			isa = PBXGroup;
			children = (
				1058C7A0FEA54F0111CA2CBB /* Linked Frameworks */,
				1058C7A2FEA54F0111CA2CBB /* Other Frameworks */,
			);
			name = Frameworks;
			sourceTree = "<group>";
		};
		4B2D3BD812CC33090060CCFD /* Wrapper */ = {
			isa = PBXGroup;
			children = (
				4B2D3BE512CC33090060CCFD /* CLAPIEngine.h */,
				4B2D3BE612CC33090060CCFD /* CLAPIEngine.m */,
				4B2D3BE712CC33090060CCFD /* CLAPIEngineConstants.h */,
				4B2D3BE812CC33090060CCFD /* CLAPIEngineDelegate.h */,
				4B2D3BE912CC33090060CCFD /* CLAPITransaction.h */,
				4B2D3BEA12CC33090060CCFD /* CLAPITransaction.m */,
				4B2D3BD912CC33090060CCFD /* API Parsing */,
				4B2D3BEB12CC33090060CCFD /* Model */,
				4B2D3BDE12CC33090060CCFD /* Categories */,
				4B2D3BF112CC33090060CCFD /* Third Party */,
			);
			name = Wrapper;
			path = ../Wrapper;
			sourceTree = "<group>";
		};
		4B2D3BD912CC33090060CCFD /* API Parsing */ = {
			isa = PBXGroup;
			children = (
				4B2D3BDA12CC33090060CCFD /* CLAPIDeserializer.h */,
				4B2D3BDB12CC33090060CCFD /* CLAPIDeserializer.m */,
				4B2D3BDC12CC33090060CCFD /* CLAPISerializer.h */,
				4B2D3BDD12CC33090060CCFD /* CLAPISerializer.m */,
			);
			path = "API Parsing";
			sourceTree = "<group>";
		};
		4B2D3BDE12CC33090060CCFD /* Categories */ = {
			isa = PBXGroup;
			children = (
				4B2D3BDF12CC33090060CCFD /* NSMutableURLRequest+NPPOSTBody.h */,
				4B2D3BE012CC33090060CCFD /* NSMutableURLRequest+NPPOSTBody.m */,
				4B2D3BE112CC33090060CCFD /* NSString+NPAdditions.h */,
				4B2D3BE212CC33090060CCFD /* NSString+NPAdditions.m */,
				4B2D3BE312CC33090060CCFD /* NSString+NPMimeType.h */,
				4B2D3BE412CC33090060CCFD /* NSString+NPMimeType.m */,
			);
			path = Categories;
			sourceTree = "<group>";
		};
		4B2D3BEB12CC33090060CCFD /* Model */ = {
			isa = PBXGroup;
			children = (
				4B2D3BEC12CC33090060CCFD /* CLAccount.h */,
				4B2D3BED12CC33090060CCFD /* CLAccount.m */,
				4B2D3BEE12CC33090060CCFD /* CLWebItem.h */,
				4B2D3BEF12CC33090060CCFD /* CLWebItem.m */,
			);
			path = Model;
			sourceTree = "<group>";
		};
		4B2D3BF112CC33090060CCFD /* Third Party */ = {
			isa = PBXGroup;
			children = (
				4B2D3BF212CC33090060CCFD /* TouchJSON */,
			);
			path = "Third Party";
			sourceTree = "<group>";
		};
		4B2D3BF212CC33090060CCFD /* TouchJSON */ = {
			isa = PBXGroup;
			children = (
				4B2D3BF312CC33090060CCFD /* CDataScanner.h */,
				4B2D3BF412CC33090060CCFD /* CDataScanner.m */,
				4B2D3BFC12CC33090060CCFD /* Extensions */,
				4B2D3C0512CC33090060CCFD /* JSON */,
			);
			path = TouchJSON;
			sourceTree = "<group>";
		};
		4B2D3BFC12CC33090060CCFD /* Extensions */ = {
			isa = PBXGroup;
			children = (
				4B2D3BFD12CC33090060CCFD /* CDataScanner_Extensions.h */,
				4B2D3BFE12CC33090060CCFD /* CDataScanner_Extensions.m */,
				4B2D3BFF12CC33090060CCFD /* NSCharacterSet_Extensions.h */,
				4B2D3C0012CC33090060CCFD /* NSCharacterSet_Extensions.m */,
				4B2D3C0112CC33090060CCFD /* NSDictionary_JSONExtensions.h */,
				4B2D3C0212CC33090060CCFD /* NSDictionary_JSONExtensions.m */,
				4B2D3C0312CC33090060CCFD /* NSScanner_Extensions.h */,
				4B2D3C0412CC33090060CCFD /* NSScanner_Extensions.m */,
			);
			path = Extensions;
			sourceTree = "<group>";
		};
		4B2D3C0512CC33090060CCFD /* JSON */ = {
			isa = PBXGroup;
			children = (
				4B2D3C0612CC33090060CCFD /* CJSONDeserializer.h */,
				4B2D3C0712CC33090060CCFD /* CJSONDeserializer.m */,
				4B2D3C0812CC33090060CCFD /* CJSONScanner.h */,
				4B2D3C0912CC33090060CCFD /* CJSONScanner.m */,
				4B2D3C0A12CC33090060CCFD /* CJSONSerializer.h */,
				4B2D3C0B12CC33090060CCFD /* CJSONSerializer.m */,
				4B2D3C0C12CC33090060CCFD /* JSONRepresentation.h */,
			);
			path = JSON;
			sourceTree = "<group>";
		};
/* End PBXGroup section */

/* Begin PBXNativeTarget section */
		8D1107260486CEB800E47090 /* TestHarness */ = {
			isa = PBXNativeTarget;
			buildConfigurationList = C01FCF4A08A954540054247B /* Build configuration list for PBXNativeTarget "TestHarness" */;
			buildPhases = (
				8D1107290486CEB800E47090 /* Resources */,
				8D11072C0486CEB800E47090 /* Sources */,
				8D11072E0486CEB800E47090 /* Frameworks */,
			);
			buildRules = (
			);
			dependencies = (
			);
			name = TestHarness;
			productInstallPath = "$(HOME)/Applications";
			productName = TestHarness;
			productReference = 8D1107320486CEB800E47090 /* TestHarness.app */;
			productType = "com.apple.product-type.application";
		};
/* End PBXNativeTarget section */

/* Begin PBXProject section */
		29B97313FDCFA39411CA2CEA /* Project object */ = {
			isa = PBXProject;
			buildConfigurationList = C01FCF4E08A954540054247B /* Build configuration list for PBXProject "TestHarness" */;
			compatibilityVersion = "Xcode 3.1";
			developmentRegion = English;
			hasScannedForEncodings = 1;
			knownRegions = (
				English,
				Japanese,
				French,
				German,
			);
			mainGroup = 29B97314FDCFA39411CA2CEA /* TestHarness */;
			projectDirPath = "";
			projectRoot = "";
			targets = (
				8D1107260486CEB800E47090 /* TestHarness */,
			);
		};
/* End PBXProject section */

/* Begin PBXResourcesBuildPhase section */
		8D1107290486CEB800E47090 /* Resources */ = {
			isa = PBXResourcesBuildPhase;
			buildActionMask = 2147483647;
			files = (
				8D11072B0486CEB800E47090 /* InfoPlist.strings in Resources */,
				1DDD58160DA1D0A300B32029 /* MainMenu.xib in Resources */,
			);
			runOnlyForDeploymentPostprocessing = 0;
		};
/* End PBXResourcesBuildPhase section */

/* Begin PBXSourcesBuildPhase section */
		8D11072C0486CEB800E47090 /* Sources */ = {
			isa = PBXSourcesBuildPhase;
			buildActionMask = 2147483647;
			files = (
				8D11072D0486CEB800E47090 /* main.m in Sources */,
				256AC3DA0F4B6AC300CF3369 /* TestHarnessAppDelegate.m in Sources */,
				4B2D3C0D12CC33090060CCFD /* CLAPIDeserializer.m in Sources */,
				4B2D3C0E12CC33090060CCFD /* CLAPISerializer.m in Sources */,
				4B2D3C0F12CC33090060CCFD /* NSMutableURLRequest+NPPOSTBody.m in Sources */,
				4B2D3C1012CC33090060CCFD /* NSString+NPAdditions.m in Sources */,
				4B2D3C1112CC33090060CCFD /* NSString+NPMimeType.m in Sources */,
				4B2D3C1212CC33090060CCFD /* CLAPIEngine.m in Sources */,
				4B2D3C1312CC33090060CCFD /* CLAPITransaction.m in Sources */,
				4B2D3C1412CC33090060CCFD /* CLAccount.m in Sources */,
				4B2D3C1512CC33090060CCFD /* CLWebItem.m in Sources */,
				4B2D3C1612CC33090060CCFD /* CDataScanner.m in Sources */,
				4B2D3C1A12CC33090060CCFD /* CDataScanner_Extensions.m in Sources */,
				4B2D3C1B12CC33090060CCFD /* NSCharacterSet_Extensions.m in Sources */,
				4B2D3C1C12CC33090060CCFD /* NSDictionary_JSONExtensions.m in Sources */,
				4B2D3C1D12CC33090060CCFD /* NSScanner_Extensions.m in Sources */,
				4B2D3C1E12CC33090060CCFD /* CJSONDeserializer.m in Sources */,
				4B2D3C1F12CC33090060CCFD /* CJSONScanner.m in Sources */,
				4B2D3C2012CC33090060CCFD /* CJSONSerializer.m in Sources */,
			);
			runOnlyForDeploymentPostprocessing = 0;
		};
/* End PBXSourcesBuildPhase section */

/* Begin PBXVariantGroup section */
		089C165CFE840E0CC02AAC07 /* InfoPlist.strings */ = {
			isa = PBXVariantGroup;
			children = (
				089C165DFE840E0CC02AAC07 /* English */,
			);
			name = InfoPlist.strings;
			sourceTree = "<group>";
		};
		1DDD58140DA1D0A300B32029 /* MainMenu.xib */ = {
			isa = PBXVariantGroup;
			children = (
				1DDD58150DA1D0A300B32029 /* English */,
			);
			name = MainMenu.xib;
			sourceTree = "<group>";
		};
/* End PBXVariantGroup section */

/* Begin XCBuildConfiguration section */
		C01FCF4B08A954540054247B /* Debug */ = {
			isa = XCBuildConfiguration;
			buildSettings = {
				ALWAYS_SEARCH_USER_PATHS = NO;
				COPY_PHASE_STRIP = NO;
				GCC_DYNAMIC_NO_PIC = NO;
				GCC_ENABLE_FIX_AND_CONTINUE = YES;
				GCC_MODEL_TUNING = G5;
				GCC_OPTIMIZATION_LEVEL = 0;
				GCC_PRECOMPILE_PREFIX_HEADER = YES;
				GCC_PREFIX_HEADER = TestHarness_Prefix.pch;
				INFOPLIST_FILE = "TestHarness-Info.plist";
				INSTALL_PATH = "$(HOME)/Applications";
				PRODUCT_NAME = TestHarness;
			};
			name = Debug;
		};
		C01FCF4C08A954540054247B /* Release */ = {
			isa = XCBuildConfiguration;
			buildSettings = {
				ALWAYS_SEARCH_USER_PATHS = NO;
				DEBUG_INFORMATION_FORMAT = "dwarf-with-dsym";
				GCC_MODEL_TUNING = G5;
				GCC_PRECOMPILE_PREFIX_HEADER = YES;
				GCC_PREFIX_HEADER = TestHarness_Prefix.pch;
				INFOPLIST_FILE = "TestHarness-Info.plist";
				INSTALL_PATH = "$(HOME)/Applications";
				PRODUCT_NAME = TestHarness;
			};
			name = Release;
		};
		C01FCF4F08A954540054247B /* Debug */ = {
			isa = XCBuildConfiguration;
			buildSettings = {
				ARCHS = "$(ARCHS_STANDARD_32_64_BIT)";
				GCC_C_LANGUAGE_STANDARD = gnu99;
				GCC_OPTIMIZATION_LEVEL = 0;
				GCC_WARN_ABOUT_RETURN_TYPE = YES;
				GCC_WARN_UNUSED_VARIABLE = YES;
				ONLY_ACTIVE_ARCH = YES;
				PREBINDING = NO;
				SDKROOT = macosx10.6;
			};
			name = Debug;
		};
		C01FCF5008A954540054247B /* Release */ = {
			isa = XCBuildConfiguration;
			buildSettings = {
				ARCHS = "$(ARCHS_STANDARD_32_64_BIT)";
				GCC_C_LANGUAGE_STANDARD = gnu99;
				GCC_WARN_ABOUT_RETURN_TYPE = YES;
				GCC_WARN_UNUSED_VARIABLE = YES;
				PREBINDING = NO;
				SDKROOT = macosx10.6;
			};
			name = Release;
		};
/* End XCBuildConfiguration section */

/* Begin XCConfigurationList section */
		C01FCF4A08A954540054247B /* Build configuration list for PBXNativeTarget "TestHarness" */ = {
			isa = XCConfigurationList;
			buildConfigurations = (
				C01FCF4B08A954540054247B /* Debug */,
				C01FCF4C08A954540054247B /* Release */,
			);
			defaultConfigurationIsVisible = 0;
			defaultConfigurationName = Release;
		};
		C01FCF4E08A954540054247B /* Build configuration list for PBXProject "TestHarness" */ = {
			isa = XCConfigurationList;
			buildConfigurations = (
				C01FCF4F08A954540054247B /* Debug */,
				C01FCF5008A954540054247B /* Release */,
			);
			defaultConfigurationIsVisible = 0;
			defaultConfigurationName = Release;
		};
/* End XCConfigurationList section */
	};
	rootObject = 29B97313FDCFA39411CA2CEA /* Project object */;
}
