// !$*UTF8*$!
{
	archiveVersion = 1;
	classes = {
	};
	objectVersion = 46;
	objects = {

/* Begin PBXBuildFile section */
		4B08ABFB1391F7E600325181 /* adapter.h in Headers */ = {isa = PBXBuildFile; fileRef = 4B08ABDF1391F7E600325181 /* adapter.h */; };
		4B08ABFC1391F7E600325181 /* nameprep.c in Sources */ = {isa = PBXBuildFile; fileRef = 4B08ABE01391F7E600325181 /* nameprep.c */; };
		4B08ABFD1391F7E600325181 /* nameprep.h in Headers */ = {isa = PBXBuildFile; fileRef = 4B08ABE11391F7E600325181 /* nameprep.h */; };
		4B08ABFE1391F7E600325181 /* puny.c in Sources */ = {isa = PBXBuildFile; fileRef = 4B08ABE21391F7E600325181 /* puny.c */; };
		4B08ABFF1391F7E600325181 /* puny.h in Headers */ = {isa = PBXBuildFile; fileRef = 4B08ABE31391F7E600325181 /* puny.h */; };
		4B08AC001391F7E600325181 /* race.c in Sources */ = {isa = PBXBuildFile; fileRef = 4B08ABE41391F7E600325181 /* race.c */; };
		4B08AC011391F7E600325181 /* race.h in Headers */ = {isa = PBXBuildFile; fileRef = 4B08ABE51391F7E600325181 /* race.h */; };
		4B08AC021391F7E600325181 /* nameprep_bidi_lcat.h in Headers */ = {isa = PBXBuildFile; fileRef = 4B08ABE71391F7E600325181 /* nameprep_bidi_lcat.h */; };
		4B08AC031391F7E600325181 /* nameprep_bidi_randalcat.h in Headers */ = {isa = PBXBuildFile; fileRef = 4B08ABE81391F7E600325181 /* nameprep_bidi_randalcat.h */; };
		4B08AC041391F7E600325181 /* nameprep_charmap.h in Headers */ = {isa = PBXBuildFile; fileRef = 4B08ABE91391F7E600325181 /* nameprep_charmap.h */; };
		4B08AC051391F7E600325181 /* nameprep_compatible.h in Headers */ = {isa = PBXBuildFile; fileRef = 4B08ABEA1391F7E600325181 /* nameprep_compatible.h */; };
		4B08AC061391F7E600325181 /* nameprep_compose.h in Headers */ = {isa = PBXBuildFile; fileRef = 4B08ABEB1391F7E600325181 /* nameprep_compose.h */; };
		4B08AC071391F7E600325181 /* nameprep_cononical.h in Headers */ = {isa = PBXBuildFile; fileRef = 4B08ABEC1391F7E600325181 /* nameprep_cononical.h */; };
		4B08AC081391F7E600325181 /* nameprep_data.h in Headers */ = {isa = PBXBuildFile; fileRef = 4B08ABED1391F7E600325181 /* nameprep_data.h */; };
		4B08AC091391F7E600325181 /* nameprep_datastructures.h in Headers */ = {isa = PBXBuildFile; fileRef = 4B08ABEE1391F7E600325181 /* nameprep_datastructures.h */; };
		4B08AC0A1391F7E600325181 /* nameprep_decompose.h in Headers */ = {isa = PBXBuildFile; fileRef = 4B08ABEF1391F7E600325181 /* nameprep_decompose.h */; };
		4B08AC0B1391F7E600325181 /* nameprep_lookups.h in Headers */ = {isa = PBXBuildFile; fileRef = 4B08ABF01391F7E600325181 /* nameprep_lookups.h */; };
		4B08AC0C1391F7E600325181 /* nameprep_prohibit.h in Headers */ = {isa = PBXBuildFile; fileRef = 4B08ABF11391F7E600325181 /* nameprep_prohibit.h */; };
		4B08AC0D1391F7E600325181 /* nameprep_prohibit_allowunassigned.h in Headers */ = {isa = PBXBuildFile; fileRef = 4B08ABF21391F7E600325181 /* nameprep_prohibit_allowunassigned.h */; };
		4B08AC0E1391F7E600325181 /* toxxx.c in Sources */ = {isa = PBXBuildFile; fileRef = 4B08ABF31391F7E600325181 /* toxxx.c */; };
		4B08AC0F1391F7E600325181 /* toxxx.h in Headers */ = {isa = PBXBuildFile; fileRef = 4B08ABF41391F7E600325181 /* toxxx.h */; };
		4B08AC101391F7E600325181 /* util.c in Sources */ = {isa = PBXBuildFile; fileRef = 4B08ABF51391F7E600325181 /* util.c */; };
		4B08AC111391F7E600325181 /* util.h in Headers */ = {isa = PBXBuildFile; fileRef = 4B08ABF61391F7E600325181 /* util.h */; };
		4B08AC121391F7E600325181 /* xcode.h in Headers */ = {isa = PBXBuildFile; fileRef = 4B08ABF71391F7E600325181 /* xcode.h */; };
		4B08AC131391F7E600325181 /* xcode_config.h in Headers */ = {isa = PBXBuildFile; fileRef = 4B08ABF81391F7E600325181 /* xcode_config.h */; };
		4B08AC141391F7E600325181 /* NSURL+IFUnicodeURL.h in Headers */ = {isa = PBXBuildFile; fileRef = 4B08ABF91391F7E600325181 /* NSURL+IFUnicodeURL.h */; };
		4B08AC151391F7E600325181 /* NSURL+IFUnicodeURL.m in Sources */ = {isa = PBXBuildFile; fileRef = 4B08ABFA1391F7E600325181 /* NSURL+IFUnicodeURL.m */; };
		4B1AB188130B69B900BD6A95 /* Cocoa.framework in Frameworks */ = {isa = PBXBuildFile; fileRef = 4B1AB187130B69B900BD6A95 /* Cocoa.framework */; };
		4B1AB319130B69D100BD6A95 /* CLAPIDeserializer.h in Headers */ = {isa = PBXBuildFile; fileRef = 4B1AB196130B69CF00BD6A95 /* CLAPIDeserializer.h */; };
		4B1AB31A130B69D100BD6A95 /* CLAPIDeserializer.m in Sources */ = {isa = PBXBuildFile; fileRef = 4B1AB197130B69CF00BD6A95 /* CLAPIDeserializer.m */; };
		4B1AB31B130B69D100BD6A95 /* CLAPISerializer.h in Headers */ = {isa = PBXBuildFile; fileRef = 4B1AB198130B69CF00BD6A95 /* CLAPISerializer.h */; };
		4B1AB31C130B69D100BD6A95 /* CLAPISerializer.m in Sources */ = {isa = PBXBuildFile; fileRef = 4B1AB199130B69CF00BD6A95 /* CLAPISerializer.m */; };
		4B1AB31D130B69D100BD6A95 /* NSMutableURLRequest+NPPOSTBody.h in Headers */ = {isa = PBXBuildFile; fileRef = 4B1AB19B130B69CF00BD6A95 /* NSMutableURLRequest+NPPOSTBody.h */; };
		4B1AB31E130B69D100BD6A95 /* NSMutableURLRequest+NPPOSTBody.m in Sources */ = {isa = PBXBuildFile; fileRef = 4B1AB19C130B69CF00BD6A95 /* NSMutableURLRequest+NPPOSTBody.m */; };
		4B1AB31F130B69D100BD6A95 /* NSString+NPAdditions.h in Headers */ = {isa = PBXBuildFile; fileRef = 4B1AB19D130B69CF00BD6A95 /* NSString+NPAdditions.h */; };
		4B1AB320130B69D100BD6A95 /* NSString+NPAdditions.m in Sources */ = {isa = PBXBuildFile; fileRef = 4B1AB19E130B69CF00BD6A95 /* NSString+NPAdditions.m */; };
		4B1AB321130B69D100BD6A95 /* NSString+NPMimeType.h in Headers */ = {isa = PBXBuildFile; fileRef = 4B1AB19F130B69CF00BD6A95 /* NSString+NPMimeType.h */; };
		4B1AB322130B69D100BD6A95 /* NSString+NPMimeType.m in Sources */ = {isa = PBXBuildFile; fileRef = 4B1AB1A0130B69CF00BD6A95 /* NSString+NPMimeType.m */; };
		4B1AB323130B69D100BD6A95 /* CLAPIEngine.h in Headers */ = {isa = PBXBuildFile; fileRef = 4B1AB1A1130B69CF00BD6A95 /* CLAPIEngine.h */; settings = {ATTRIBUTES = (Public, ); }; };
		4B1AB324130B69D100BD6A95 /* CLAPIEngine.m in Sources */ = {isa = PBXBuildFile; fileRef = 4B1AB1A2130B69CF00BD6A95 /* CLAPIEngine.m */; };
		4B1AB326130B69D100BD6A95 /* CLAPIEngineDelegate.h in Headers */ = {isa = PBXBuildFile; fileRef = 4B1AB1A4130B69CF00BD6A95 /* CLAPIEngineDelegate.h */; settings = {ATTRIBUTES = (Public, ); }; };
		4B1AB327130B69D100BD6A95 /* CLAPITransaction.h in Headers */ = {isa = PBXBuildFile; fileRef = 4B1AB1A5130B69CF00BD6A95 /* CLAPITransaction.h */; settings = {ATTRIBUTES = (Public, ); }; };
		4B1AB328130B69D100BD6A95 /* CLAPITransaction.m in Sources */ = {isa = PBXBuildFile; fileRef = 4B1AB1A6130B69CF00BD6A95 /* CLAPITransaction.m */; };
		4B1AB329130B69D100BD6A95 /* CLAccount.h in Headers */ = {isa = PBXBuildFile; fileRef = 4B1AB1A8130B69CF00BD6A95 /* CLAccount.h */; settings = {ATTRIBUTES = (Public, ); }; };
		4B1AB32A130B69D100BD6A95 /* CLAccount.m in Sources */ = {isa = PBXBuildFile; fileRef = 4B1AB1A9130B69CF00BD6A95 /* CLAccount.m */; };
		4B1AB32B130B69D100BD6A95 /* CLWebItem.h in Headers */ = {isa = PBXBuildFile; fileRef = 4B1AB1AA130B69CF00BD6A95 /* CLWebItem.h */; settings = {ATTRIBUTES = (Public, ); }; };
		4B1AB32C130B69D100BD6A95 /* CLWebItem.m in Sources */ = {isa = PBXBuildFile; fileRef = 4B1AB1AB130B69CF00BD6A95 /* CLWebItem.m */; };
		4B1AB554130B6BE200BD6A95 /* Cloud.h in Headers */ = {isa = PBXBuildFile; fileRef = 4B1AB553130B6BE200BD6A95 /* Cloud.h */; settings = {ATTRIBUTES = (Public, ); }; };
		8CADDD3213715AFD00CBDDD1 /* CLAPIEngineConstants.h in Headers */ = {isa = PBXBuildFile; fileRef = 8CADDD3013715AFD00CBDDD1 /* CLAPIEngineConstants.h */; settings = {ATTRIBUTES = (Public, ); }; };
		8CADDD3313715AFD00CBDDD1 /* CLAPIEngineConstants.m in Sources */ = {isa = PBXBuildFile; fileRef = 8CADDD3113715AFD00CBDDD1 /* CLAPIEngineConstants.m */; };
		8CDB51DF1310924E00FDF09B /* CLSocket.h in Headers */ = {isa = PBXBuildFile; fileRef = 8CDB51DD1310924E00FDF09B /* CLSocket.h */; };
		8CDB51E01310924E00FDF09B /* CLSocket.m in Sources */ = {isa = PBXBuildFile; fileRef = 8CDB51DE1310924E00FDF09B /* CLSocket.m */; };
/* End PBXBuildFile section */

/* Begin PBXFileReference section */
		4B08ABDF1391F7E600325181 /* adapter.h */ = {isa = PBXFileReference; fileEncoding = 4; lastKnownFileType = sourcecode.c.h; path = adapter.h; sourceTree = "<group>"; };
		4B08ABE01391F7E600325181 /* nameprep.c */ = {isa = PBXFileReference; fileEncoding = 4; lastKnownFileType = sourcecode.c.c; path = nameprep.c; sourceTree = "<group>"; };
		4B08ABE11391F7E600325181 /* nameprep.h */ = {isa = PBXFileReference; fileEncoding = 4; lastKnownFileType = sourcecode.c.h; path = nameprep.h; sourceTree = "<group>"; };
		4B08ABE21391F7E600325181 /* puny.c */ = {isa = PBXFileReference; fileEncoding = 4; lastKnownFileType = sourcecode.c.c; path = puny.c; sourceTree = "<group>"; };
		4B08ABE31391F7E600325181 /* puny.h */ = {isa = PBXFileReference; fileEncoding = 4; lastKnownFileType = sourcecode.c.h; path = puny.h; sourceTree = "<group>"; };
		4B08ABE41391F7E600325181 /* race.c */ = {isa = PBXFileReference; fileEncoding = 4; lastKnownFileType = sourcecode.c.c; path = race.c; sourceTree = "<group>"; };
		4B08ABE51391F7E600325181 /* race.h */ = {isa = PBXFileReference; fileEncoding = 4; lastKnownFileType = sourcecode.c.h; path = race.h; sourceTree = "<group>"; };
		4B08ABE71391F7E600325181 /* nameprep_bidi_lcat.h */ = {isa = PBXFileReference; fileEncoding = 4; lastKnownFileType = sourcecode.c.h; path = nameprep_bidi_lcat.h; sourceTree = "<group>"; };
		4B08ABE81391F7E600325181 /* nameprep_bidi_randalcat.h */ = {isa = PBXFileReference; fileEncoding = 4; lastKnownFileType = sourcecode.c.h; path = nameprep_bidi_randalcat.h; sourceTree = "<group>"; };
		4B08ABE91391F7E600325181 /* nameprep_charmap.h */ = {isa = PBXFileReference; fileEncoding = 4; lastKnownFileType = sourcecode.c.h; path = nameprep_charmap.h; sourceTree = "<group>"; };
		4B08ABEA1391F7E600325181 /* nameprep_compatible.h */ = {isa = PBXFileReference; fileEncoding = 4; lastKnownFileType = sourcecode.c.h; path = nameprep_compatible.h; sourceTree = "<group>"; };
		4B08ABEB1391F7E600325181 /* nameprep_compose.h */ = {isa = PBXFileReference; fileEncoding = 4; lastKnownFileType = sourcecode.c.h; path = nameprep_compose.h; sourceTree = "<group>"; };
		4B08ABEC1391F7E600325181 /* nameprep_cononical.h */ = {isa = PBXFileReference; fileEncoding = 4; lastKnownFileType = sourcecode.c.h; path = nameprep_cononical.h; sourceTree = "<group>"; };
		4B08ABED1391F7E600325181 /* nameprep_data.h */ = {isa = PBXFileReference; fileEncoding = 4; lastKnownFileType = sourcecode.c.h; path = nameprep_data.h; sourceTree = "<group>"; };
		4B08ABEE1391F7E600325181 /* nameprep_datastructures.h */ = {isa = PBXFileReference; fileEncoding = 4; lastKnownFileType = sourcecode.c.h; path = nameprep_datastructures.h; sourceTree = "<group>"; };
		4B08ABEF1391F7E600325181 /* nameprep_decompose.h */ = {isa = PBXFileReference; fileEncoding = 4; lastKnownFileType = sourcecode.c.h; path = nameprep_decompose.h; sourceTree = "<group>"; };
		4B08ABF01391F7E600325181 /* nameprep_lookups.h */ = {isa = PBXFileReference; fileEncoding = 4; lastKnownFileType = sourcecode.c.h; path = nameprep_lookups.h; sourceTree = "<group>"; };
		4B08ABF11391F7E600325181 /* nameprep_prohibit.h */ = {isa = PBXFileReference; fileEncoding = 4; lastKnownFileType = sourcecode.c.h; path = nameprep_prohibit.h; sourceTree = "<group>"; };
		4B08ABF21391F7E600325181 /* nameprep_prohibit_allowunassigned.h */ = {isa = PBXFileReference; fileEncoding = 4; lastKnownFileType = sourcecode.c.h; path = nameprep_prohibit_allowunassigned.h; sourceTree = "<group>"; };
		4B08ABF31391F7E600325181 /* toxxx.c */ = {isa = PBXFileReference; fileEncoding = 4; lastKnownFileType = sourcecode.c.c; path = toxxx.c; sourceTree = "<group>"; };
		4B08ABF41391F7E600325181 /* toxxx.h */ = {isa = PBXFileReference; fileEncoding = 4; lastKnownFileType = sourcecode.c.h; path = toxxx.h; sourceTree = "<group>"; };
		4B08ABF51391F7E600325181 /* util.c */ = {isa = PBXFileReference; fileEncoding = 4; lastKnownFileType = sourcecode.c.c; path = util.c; sourceTree = "<group>"; };
		4B08ABF61391F7E600325181 /* util.h */ = {isa = PBXFileReference; fileEncoding = 4; lastKnownFileType = sourcecode.c.h; path = util.h; sourceTree = "<group>"; };
		4B08ABF71391F7E600325181 /* xcode.h */ = {isa = PBXFileReference; fileEncoding = 4; lastKnownFileType = sourcecode.c.h; path = xcode.h; sourceTree = "<group>"; };
		4B08ABF81391F7E600325181 /* xcode_config.h */ = {isa = PBXFileReference; fileEncoding = 4; lastKnownFileType = sourcecode.c.h; path = xcode_config.h; sourceTree = "<group>"; };
		4B08ABF91391F7E600325181 /* NSURL+IFUnicodeURL.h */ = {isa = PBXFileReference; fileEncoding = 4; lastKnownFileType = sourcecode.c.h; path = "NSURL+IFUnicodeURL.h"; sourceTree = "<group>"; };
		4B08ABFA1391F7E600325181 /* NSURL+IFUnicodeURL.m */ = {isa = PBXFileReference; fileEncoding = 4; lastKnownFileType = sourcecode.c.objc; path = "NSURL+IFUnicodeURL.m"; sourceTree = "<group>"; };
		4B1AB184130B69B900BD6A95 /* libCloud.a */ = {isa = PBXFileReference; explicitFileType = archive.ar; includeInIndex = 0; path = libCloud.a; sourceTree = BUILT_PRODUCTS_DIR; };
		4B1AB187130B69B900BD6A95 /* Cocoa.framework */ = {isa = PBXFileReference; lastKnownFileType = wrapper.framework; name = Cocoa.framework; path = System/Library/Frameworks/Cocoa.framework; sourceTree = SDKROOT; };
		4B1AB18A130B69B900BD6A95 /* AppKit.framework */ = {isa = PBXFileReference; lastKnownFileType = wrapper.framework; name = AppKit.framework; path = System/Library/Frameworks/AppKit.framework; sourceTree = SDKROOT; };
		4B1AB18B130B69B900BD6A95 /* CoreData.framework */ = {isa = PBXFileReference; lastKnownFileType = wrapper.framework; name = CoreData.framework; path = System/Library/Frameworks/CoreData.framework; sourceTree = SDKROOT; };
		4B1AB18C130B69B900BD6A95 /* Foundation.framework */ = {isa = PBXFileReference; lastKnownFileType = wrapper.framework; name = Foundation.framework; path = System/Library/Frameworks/Foundation.framework; sourceTree = SDKROOT; };
		4B1AB18F130B69B900BD6A95 /* Cloud-Prefix.pch */ = {isa = PBXFileReference; lastKnownFileType = sourcecode.c.h; path = "Cloud-Prefix.pch"; sourceTree = "<group>"; };
		4B1AB196130B69CF00BD6A95 /* CLAPIDeserializer.h */ = {isa = PBXFileReference; fileEncoding = 4; lastKnownFileType = sourcecode.c.h; path = CLAPIDeserializer.h; sourceTree = "<group>"; };
		4B1AB197130B69CF00BD6A95 /* CLAPIDeserializer.m */ = {isa = PBXFileReference; fileEncoding = 4; lastKnownFileType = sourcecode.c.objc; path = CLAPIDeserializer.m; sourceTree = "<group>"; };
		4B1AB198130B69CF00BD6A95 /* CLAPISerializer.h */ = {isa = PBXFileReference; fileEncoding = 4; lastKnownFileType = sourcecode.c.h; path = CLAPISerializer.h; sourceTree = "<group>"; };
		4B1AB199130B69CF00BD6A95 /* CLAPISerializer.m */ = {isa = PBXFileReference; fileEncoding = 4; lastKnownFileType = sourcecode.c.objc; path = CLAPISerializer.m; sourceTree = "<group>"; };
		4B1AB19B130B69CF00BD6A95 /* NSMutableURLRequest+NPPOSTBody.h */ = {isa = PBXFileReference; fileEncoding = 4; lastKnownFileType = sourcecode.c.h; path = "NSMutableURLRequest+NPPOSTBody.h"; sourceTree = "<group>"; };
		4B1AB19C130B69CF00BD6A95 /* NSMutableURLRequest+NPPOSTBody.m */ = {isa = PBXFileReference; fileEncoding = 4; lastKnownFileType = sourcecode.c.objc; path = "NSMutableURLRequest+NPPOSTBody.m"; sourceTree = "<group>"; };
		4B1AB19D130B69CF00BD6A95 /* NSString+NPAdditions.h */ = {isa = PBXFileReference; fileEncoding = 4; lastKnownFileType = sourcecode.c.h; path = "NSString+NPAdditions.h"; sourceTree = "<group>"; };
		4B1AB19E130B69CF00BD6A95 /* NSString+NPAdditions.m */ = {isa = PBXFileReference; fileEncoding = 4; lastKnownFileType = sourcecode.c.objc; path = "NSString+NPAdditions.m"; sourceTree = "<group>"; };
		4B1AB19F130B69CF00BD6A95 /* NSString+NPMimeType.h */ = {isa = PBXFileReference; fileEncoding = 4; lastKnownFileType = sourcecode.c.h; path = "NSString+NPMimeType.h"; sourceTree = "<group>"; };
		4B1AB1A0130B69CF00BD6A95 /* NSString+NPMimeType.m */ = {isa = PBXFileReference; fileEncoding = 4; lastKnownFileType = sourcecode.c.objc; path = "NSString+NPMimeType.m"; sourceTree = "<group>"; };
		4B1AB1A1130B69CF00BD6A95 /* CLAPIEngine.h */ = {isa = PBXFileReference; fileEncoding = 4; lastKnownFileType = sourcecode.c.h; path = CLAPIEngine.h; sourceTree = "<group>"; };
		4B1AB1A2130B69CF00BD6A95 /* CLAPIEngine.m */ = {isa = PBXFileReference; fileEncoding = 4; lastKnownFileType = sourcecode.c.objc; path = CLAPIEngine.m; sourceTree = "<group>"; };
		4B1AB1A4130B69CF00BD6A95 /* CLAPIEngineDelegate.h */ = {isa = PBXFileReference; fileEncoding = 4; lastKnownFileType = sourcecode.c.h; path = CLAPIEngineDelegate.h; sourceTree = "<group>"; };
		4B1AB1A5130B69CF00BD6A95 /* CLAPITransaction.h */ = {isa = PBXFileReference; fileEncoding = 4; lastKnownFileType = sourcecode.c.h; path = CLAPITransaction.h; sourceTree = "<group>"; };
		4B1AB1A6130B69CF00BD6A95 /* CLAPITransaction.m */ = {isa = PBXFileReference; fileEncoding = 4; lastKnownFileType = sourcecode.c.objc; path = CLAPITransaction.m; sourceTree = "<group>"; };
		4B1AB1A8130B69CF00BD6A95 /* CLAccount.h */ = {isa = PBXFileReference; fileEncoding = 4; lastKnownFileType = sourcecode.c.h; path = CLAccount.h; sourceTree = "<group>"; };
		4B1AB1A9130B69CF00BD6A95 /* CLAccount.m */ = {isa = PBXFileReference; fileEncoding = 4; lastKnownFileType = sourcecode.c.objc; path = CLAccount.m; sourceTree = "<group>"; };
		4B1AB1AA130B69CF00BD6A95 /* CLWebItem.h */ = {isa = PBXFileReference; fileEncoding = 4; lastKnownFileType = sourcecode.c.h; path = CLWebItem.h; sourceTree = "<group>"; };
		4B1AB1AB130B69CF00BD6A95 /* CLWebItem.m */ = {isa = PBXFileReference; fileEncoding = 4; lastKnownFileType = sourcecode.c.objc; path = CLWebItem.m; sourceTree = "<group>"; };
		4B1AB553130B6BE200BD6A95 /* Cloud.h */ = {isa = PBXFileReference; fileEncoding = 4; lastKnownFileType = sourcecode.c.h; path = Cloud.h; sourceTree = "<group>"; };
		8CADDD3013715AFD00CBDDD1 /* CLAPIEngineConstants.h */ = {isa = PBXFileReference; fileEncoding = 4; lastKnownFileType = sourcecode.c.h; path = CLAPIEngineConstants.h; sourceTree = "<group>"; };
		8CADDD3113715AFD00CBDDD1 /* CLAPIEngineConstants.m */ = {isa = PBXFileReference; fileEncoding = 4; lastKnownFileType = sourcecode.c.objc; path = CLAPIEngineConstants.m; sourceTree = "<group>"; };
		8CDB51DD1310924E00FDF09B /* CLSocket.h */ = {isa = PBXFileReference; fileEncoding = 4; lastKnownFileType = sourcecode.c.h; path = CLSocket.h; sourceTree = "<group>"; };
		8CDB51DE1310924E00FDF09B /* CLSocket.m */ = {isa = PBXFileReference; fileEncoding = 4; lastKnownFileType = sourcecode.c.objc; path = CLSocket.m; sourceTree = "<group>"; };
/* End PBXFileReference section */

/* Begin PBXFrameworksBuildPhase section */
		4B1AB181130B69B900BD6A95 /* Frameworks */ = {
			isa = PBXFrameworksBuildPhase;
			buildActionMask = 2147483647;
			files = (
				4B1AB188130B69B900BD6A95 /* Cocoa.framework in Frameworks */,
			);
			runOnlyForDeploymentPostprocessing = 0;
		};
/* End PBXFrameworksBuildPhase section */

/* Begin PBXGroup section */
		4B08ABDD1391F7E600325181 /* IFUnicodeURL */ = {
			isa = PBXGroup;
			children = (
				4B08ABDE1391F7E600325181 /* IDNSDK */,
				4B08ABF91391F7E600325181 /* NSURL+IFUnicodeURL.h */,
				4B08ABFA1391F7E600325181 /* NSURL+IFUnicodeURL.m */,
			);
			name = IFUnicodeURL;
			path = IFUnicodeURL/IFUnicodeURL;
			sourceTree = "<group>";
		};
		4B08ABDE1391F7E600325181 /* IDNSDK */ = {
			isa = PBXGroup;
			children = (
				4B08ABDF1391F7E600325181 /* adapter.h */,
				4B08ABE01391F7E600325181 /* nameprep.c */,
				4B08ABE11391F7E600325181 /* nameprep.h */,
				4B08ABE21391F7E600325181 /* puny.c */,
				4B08ABE31391F7E600325181 /* puny.h */,
				4B08ABE41391F7E600325181 /* race.c */,
				4B08ABE51391F7E600325181 /* race.h */,
				4B08ABE61391F7E600325181 /* staticdata */,
				4B08ABF31391F7E600325181 /* toxxx.c */,
				4B08ABF41391F7E600325181 /* toxxx.h */,
				4B08ABF51391F7E600325181 /* util.c */,
				4B08ABF61391F7E600325181 /* util.h */,
				4B08ABF71391F7E600325181 /* xcode.h */,
				4B08ABF81391F7E600325181 /* xcode_config.h */,
			);
			path = IDNSDK;
			sourceTree = "<group>";
		};
		4B08ABE61391F7E600325181 /* staticdata */ = {
			isa = PBXGroup;
			children = (
				4B08ABE71391F7E600325181 /* nameprep_bidi_lcat.h */,
				4B08ABE81391F7E600325181 /* nameprep_bidi_randalcat.h */,
				4B08ABE91391F7E600325181 /* nameprep_charmap.h */,
				4B08ABEA1391F7E600325181 /* nameprep_compatible.h */,
				4B08ABEB1391F7E600325181 /* nameprep_compose.h */,
				4B08ABEC1391F7E600325181 /* nameprep_cononical.h */,
				4B08ABED1391F7E600325181 /* nameprep_data.h */,
				4B08ABEE1391F7E600325181 /* nameprep_datastructures.h */,
				4B08ABEF1391F7E600325181 /* nameprep_decompose.h */,
				4B08ABF01391F7E600325181 /* nameprep_lookups.h */,
				4B08ABF11391F7E600325181 /* nameprep_prohibit.h */,
				4B08ABF21391F7E600325181 /* nameprep_prohibit_allowunassigned.h */,
			);
			path = staticdata;
			sourceTree = "<group>";
		};
		4B1AB179130B69B900BD6A95 = {
			isa = PBXGroup;
			children = (
				4B1AB18D130B69B900BD6A95 /* Cloud */,
				4B1AB186130B69B900BD6A95 /* Frameworks */,
				4B1AB185130B69B900BD6A95 /* Products */,
			);
			sourceTree = "<group>";
		};
		4B1AB185130B69B900BD6A95 /* Products */ = {
			isa = PBXGroup;
			children = (
				4B1AB184130B69B900BD6A95 /* libCloud.a */,
			);
			name = Products;
			sourceTree = "<group>";
		};
		4B1AB186130B69B900BD6A95 /* Frameworks */ = {
			isa = PBXGroup;
			children = (
				4B1AB187130B69B900BD6A95 /* Cocoa.framework */,
				4B1AB189130B69B900BD6A95 /* Other Frameworks */,
			);
			name = Frameworks;
			sourceTree = "<group>";
		};
		4B1AB189130B69B900BD6A95 /* Other Frameworks */ = {
			isa = PBXGroup;
			children = (
				4B1AB18A130B69B900BD6A95 /* AppKit.framework */,
				4B1AB18B130B69B900BD6A95 /* CoreData.framework */,
				4B1AB18C130B69B900BD6A95 /* Foundation.framework */,
			);
			name = "Other Frameworks";
			sourceTree = "<group>";
		};
		4B1AB18D130B69B900BD6A95 /* Cloud */ = {
			isa = PBXGroup;
			children = (
				4B1AB553130B6BE200BD6A95 /* Cloud.h */,
				4B1AB195130B69CF00BD6A95 /* API Parsing */,
				4B1AB19A130B69CF00BD6A95 /* Categories */,
				4B1AB1A1130B69CF00BD6A95 /* CLAPIEngine.h */,
				4B1AB1A2130B69CF00BD6A95 /* CLAPIEngine.m */,
				8CADDD3013715AFD00CBDDD1 /* CLAPIEngineConstants.h */,
				8CADDD3113715AFD00CBDDD1 /* CLAPIEngineConstants.m */,
				4B1AB1A4130B69CF00BD6A95 /* CLAPIEngineDelegate.h */,
				4B1AB1A5130B69CF00BD6A95 /* CLAPITransaction.h */,
				4B1AB1A6130B69CF00BD6A95 /* CLAPITransaction.m */,
				4B1AB1A7130B69CF00BD6A95 /* Model */,
				4B1AB1AC130B69CF00BD6A95 /* Third Party */,
				4B1AB18E130B69B900BD6A95 /* Supporting Files */,
			);
			path = Cloud;
			sourceTree = "<group>";
		};
		4B1AB18E130B69B900BD6A95 /* Supporting Files */ = {
			isa = PBXGroup;
			children = (
				4B1AB18F130B69B900BD6A95 /* Cloud-Prefix.pch */,
			);
			name = "Supporting Files";
			sourceTree = "<group>";
		};
		4B1AB195130B69CF00BD6A95 /* API Parsing */ = {
			isa = PBXGroup;
			children = (
				4B1AB196130B69CF00BD6A95 /* CLAPIDeserializer.h */,
				4B1AB197130B69CF00BD6A95 /* CLAPIDeserializer.m */,
				4B1AB198130B69CF00BD6A95 /* CLAPISerializer.h */,
				4B1AB199130B69CF00BD6A95 /* CLAPISerializer.m */,
			);
			path = "API Parsing";
			sourceTree = "<group>";
		};
		4B1AB19A130B69CF00BD6A95 /* Categories */ = {
			isa = PBXGroup;
			children = (
				4B1AB19B130B69CF00BD6A95 /* NSMutableURLRequest+NPPOSTBody.h */,
				4B1AB19C130B69CF00BD6A95 /* NSMutableURLRequest+NPPOSTBody.m */,
				4B1AB19D130B69CF00BD6A95 /* NSString+NPAdditions.h */,
				4B1AB19E130B69CF00BD6A95 /* NSString+NPAdditions.m */,
				4B1AB19F130B69CF00BD6A95 /* NSString+NPMimeType.h */,
				4B1AB1A0130B69CF00BD6A95 /* NSString+NPMimeType.m */,
			);
			path = Categories;
			sourceTree = "<group>";
		};
		4B1AB1A7130B69CF00BD6A95 /* Model */ = {
			isa = PBXGroup;
			children = (
				4B1AB1A8130B69CF00BD6A95 /* CLAccount.h */,
				4B1AB1A9130B69CF00BD6A95 /* CLAccount.m */,
				4B1AB1AA130B69CF00BD6A95 /* CLWebItem.h */,
				4B1AB1AB130B69CF00BD6A95 /* CLWebItem.m */,
				8CDB51DD1310924E00FDF09B /* CLSocket.h */,
				8CDB51DE1310924E00FDF09B /* CLSocket.m */,
			);
			path = Model;
			sourceTree = "<group>";
		};
		4B1AB1AC130B69CF00BD6A95 /* Third Party */ = {
			isa = PBXGroup;
			children = (
				4B08ABDD1391F7E600325181 /* IFUnicodeURL */,
			);
			path = "Third Party";
			sourceTree = "<group>";
		};
/* End PBXGroup section */

/* Begin PBXHeadersBuildPhase section */
		4B1AB182130B69B900BD6A95 /* Headers */ = {
			isa = PBXHeadersBuildPhase;
			buildActionMask = 2147483647;
			files = (
				4B1AB327130B69D100BD6A95 /* CLAPITransaction.h in Headers */,
				4B1AB554130B6BE200BD6A95 /* Cloud.h in Headers */,
				4B1AB323130B69D100BD6A95 /* CLAPIEngine.h in Headers */,
				4B1AB326130B69D100BD6A95 /* CLAPIEngineDelegate.h in Headers */,
				4B1AB329130B69D100BD6A95 /* CLAccount.h in Headers */,
				4B1AB32B130B69D100BD6A95 /* CLWebItem.h in Headers */,
				8CADDD3213715AFD00CBDDD1 /* CLAPIEngineConstants.h in Headers */,
				4B1AB319130B69D100BD6A95 /* CLAPIDeserializer.h in Headers */,
				4B1AB31B130B69D100BD6A95 /* CLAPISerializer.h in Headers */,
				4B1AB31D130B69D100BD6A95 /* NSMutableURLRequest+NPPOSTBody.h in Headers */,
				4B1AB31F130B69D100BD6A95 /* NSString+NPAdditions.h in Headers */,
				4B1AB321130B69D100BD6A95 /* NSString+NPMimeType.h in Headers */,
				8CDB51DF1310924E00FDF09B /* CLSocket.h in Headers */,
				4B08ABFB1391F7E600325181 /* adapter.h in Headers */,
				4B08ABFD1391F7E600325181 /* nameprep.h in Headers */,
				4B08ABFF1391F7E600325181 /* puny.h in Headers */,
				4B08AC011391F7E600325181 /* race.h in Headers */,
				4B08AC021391F7E600325181 /* nameprep_bidi_lcat.h in Headers */,
				4B08AC031391F7E600325181 /* nameprep_bidi_randalcat.h in Headers */,
				4B08AC041391F7E600325181 /* nameprep_charmap.h in Headers */,
				4B08AC051391F7E600325181 /* nameprep_compatible.h in Headers */,
				4B08AC061391F7E600325181 /* nameprep_compose.h in Headers */,
				4B08AC071391F7E600325181 /* nameprep_cononical.h in Headers */,
				4B08AC081391F7E600325181 /* nameprep_data.h in Headers */,
				4B08AC091391F7E600325181 /* nameprep_datastructures.h in Headers */,
				4B08AC0A1391F7E600325181 /* nameprep_decompose.h in Headers */,
				4B08AC0B1391F7E600325181 /* nameprep_lookups.h in Headers */,
				4B08AC0C1391F7E600325181 /* nameprep_prohibit.h in Headers */,
				4B08AC0D1391F7E600325181 /* nameprep_prohibit_allowunassigned.h in Headers */,
				4B08AC0F1391F7E600325181 /* toxxx.h in Headers */,
				4B08AC111391F7E600325181 /* util.h in Headers */,
				4B08AC121391F7E600325181 /* xcode.h in Headers */,
				4B08AC131391F7E600325181 /* xcode_config.h in Headers */,
				4B08AC141391F7E600325181 /* NSURL+IFUnicodeURL.h in Headers */,
			);
			runOnlyForDeploymentPostprocessing = 0;
		};
/* End PBXHeadersBuildPhase section */

/* Begin PBXNativeTarget section */
		4B1AB183130B69B900BD6A95 /* Cloud */ = {
			isa = PBXNativeTarget;
			buildConfigurationList = 4B1AB192130B69B900BD6A95 /* Build configuration list for PBXNativeTarget "Cloud" */;
			buildPhases = (
				4B1AB180130B69B900BD6A95 /* Sources */,
				4B1AB181130B69B900BD6A95 /* Frameworks */,
				4B1AB182130B69B900BD6A95 /* Headers */,
			);
			buildRules = (
			);
			dependencies = (
			);
			name = Cloud;
			productName = Cloud;
			productReference = 4B1AB184130B69B900BD6A95 /* libCloud.a */;
			productType = "com.apple.product-type.library.static";
		};
/* End PBXNativeTarget section */

/* Begin PBXProject section */
		4B1AB17B130B69B900BD6A95 /* Project object */ = {
			isa = PBXProject;
			attributes = {
				LastUpgradeCheck = 0420;
				ORGANIZATIONNAME = Linebreak;
			};
			buildConfigurationList = 4B1AB17E130B69B900BD6A95 /* Build configuration list for PBXProject "Cloud" */;
			compatibilityVersion = "Xcode 3.2";
			developmentRegion = English;
			hasScannedForEncodings = 0;
			knownRegions = (
				en,
				English,
			);
			mainGroup = 4B1AB179130B69B900BD6A95;
			productRefGroup = 4B1AB185130B69B900BD6A95 /* Products */;
			projectDirPath = "";
			projectRoot = "";
			targets = (
				4B1AB183130B69B900BD6A95 /* Cloud */,
			);
		};
/* End PBXProject section */

/* Begin PBXSourcesBuildPhase section */
		4B1AB180130B69B900BD6A95 /* Sources */ = {
			isa = PBXSourcesBuildPhase;
			buildActionMask = 2147483647;
			files = (
				4B1AB31A130B69D100BD6A95 /* CLAPIDeserializer.m in Sources */,
				4B1AB31C130B69D100BD6A95 /* CLAPISerializer.m in Sources */,
				4B1AB31E130B69D100BD6A95 /* NSMutableURLRequest+NPPOSTBody.m in Sources */,
				4B1AB320130B69D100BD6A95 /* NSString+NPAdditions.m in Sources */,
				4B1AB322130B69D100BD6A95 /* NSString+NPMimeType.m in Sources */,
				4B1AB324130B69D100BD6A95 /* CLAPIEngine.m in Sources */,
				4B1AB328130B69D100BD6A95 /* CLAPITransaction.m in Sources */,
				4B1AB32A130B69D100BD6A95 /* CLAccount.m in Sources */,
				4B1AB32C130B69D100BD6A95 /* CLWebItem.m in Sources */,
				8CDB51E01310924E00FDF09B /* CLSocket.m in Sources */,
				8CADDD3313715AFD00CBDDD1 /* CLAPIEngineConstants.m in Sources */,
				4B08ABFC1391F7E600325181 /* nameprep.c in Sources */,
				4B08ABFE1391F7E600325181 /* puny.c in Sources */,
				4B08AC001391F7E600325181 /* race.c in Sources */,
				4B08AC0E1391F7E600325181 /* toxxx.c in Sources */,
				4B08AC101391F7E600325181 /* util.c in Sources */,
				4B08AC151391F7E600325181 /* NSURL+IFUnicodeURL.m in Sources */,
			);
			runOnlyForDeploymentPostprocessing = 0;
		};
/* End PBXSourcesBuildPhase section */

/* Begin XCBuildConfiguration section */
		4B1AB190130B69B900BD6A95 /* Debug */ = {
			isa = XCBuildConfiguration;
			buildSettings = {
				ARCHS = "$(ARCHS_STANDARD_32_64_BIT)";
				GCC_C_LANGUAGE_STANDARD = gnu99;
				GCC_OPTIMIZATION_LEVEL = 0;
				GCC_PREPROCESSOR_DEFINITIONS = DEBUG;
				GCC_VERSION = com.apple.compilers.llvm.clang.1_0;
				GCC_WARN_64_TO_32_BIT_CONVERSION = YES;
				GCC_WARN_ABOUT_MISSING_PROTOTYPES = YES;
				GCC_WARN_ABOUT_RETURN_TYPE = YES;
				GCC_WARN_UNUSED_VARIABLE = YES;
				MACOSX_DEPLOYMENT_TARGET = 10.6;
				ONLY_ACTIVE_ARCH = YES;
				SDKROOT = macosx;
			};
			name = Debug;
		};
		4B1AB191130B69B900BD6A95 /* Release */ = {
			isa = XCBuildConfiguration;
			buildSettings = {
				ARCHS = "$(ARCHS_STANDARD_32_64_BIT)";
				GCC_C_LANGUAGE_STANDARD = gnu99;
				GCC_VERSION = com.apple.compilers.llvm.clang.1_0;
				GCC_WARN_64_TO_32_BIT_CONVERSION = YES;
				GCC_WARN_ABOUT_MISSING_PROTOTYPES = YES;
				GCC_WARN_ABOUT_RETURN_TYPE = YES;
				GCC_WARN_UNUSED_VARIABLE = YES;
				MACOSX_DEPLOYMENT_TARGET = 10.6;
				SDKROOT = macosx;
			};
			name = Release;
		};
		4B1AB193130B69B900BD6A95 /* Debug */ = {
			isa = XCBuildConfiguration;
			buildSettings = {
				ALWAYS_SEARCH_USER_PATHS = NO;
				COPY_PHASE_STRIP = NO;
				GCC_DYNAMIC_NO_PIC = NO;
				GCC_ENABLE_OBJC_EXCEPTIONS = YES;
				GCC_ENABLE_OBJC_GC = unsupported;
				GCC_PRECOMPILE_PREFIX_HEADER = YES;
				GCC_PREFIX_HEADER = "Cloud/Cloud-Prefix.pch";
				MACOSX_DEPLOYMENT_TARGET = 10.5;
				PRODUCT_NAME = "$(TARGET_NAME)";
				SKIP_INSTALL = YES;
			};
			name = Debug;
		};
		4B1AB194130B69B900BD6A95 /* Release */ = {
			isa = XCBuildConfiguration;
			buildSettings = {
				ALWAYS_SEARCH_USER_PATHS = NO;
				COPY_PHASE_STRIP = YES;
				DEBUG_INFORMATION_FORMAT = "dwarf-with-dsym";
				GCC_ENABLE_OBJC_EXCEPTIONS = YES;
				GCC_ENABLE_OBJC_GC = unsupported;
				GCC_PRECOMPILE_PREFIX_HEADER = YES;
				GCC_PREFIX_HEADER = "Cloud/Cloud-Prefix.pch";
				MACOSX_DEPLOYMENT_TARGET = 10.5;
				PRODUCT_NAME = "$(TARGET_NAME)";
				SKIP_INSTALL = YES;
			};
			name = Release;
		};
/* End XCBuildConfiguration section */

/* Begin XCConfigurationList section */
		4B1AB17E130B69B900BD6A95 /* Build configuration list for PBXProject "Cloud" */ = {
			isa = XCConfigurationList;
			buildConfigurations = (
				4B1AB190130B69B900BD6A95 /* Debug */,
				4B1AB191130B69B900BD6A95 /* Release */,
			);
			defaultConfigurationIsVisible = 0;
			defaultConfigurationName = Release;
		};
		4B1AB192130B69B900BD6A95 /* Build configuration list for PBXNativeTarget "Cloud" */ = {
			isa = XCConfigurationList;
			buildConfigurations = (
				4B1AB193130B69B900BD6A95 /* Debug */,
				4B1AB194130B69B900BD6A95 /* Release */,
			);
			defaultConfigurationIsVisible = 0;
			defaultConfigurationName = Release;
		};
/* End XCConfigurationList section */
	};
	rootObject = 4B1AB17B130B69B900BD6A95 /* Project object */;
}
