// !$*UTF8*$!
{
	archiveVersion = 1;
	classes = {
	};
	objectVersion = 50;
	objects = {

/* Begin PBXBuildFile section */
		B16B61E621389DA1002FFFCA /* Cloud.m in Sources */ = {isa = PBXBuildFile; fileRef = B16B61E521389DA1002FFFCA /* Cloud.m */; };
		B16B61E721389DA1002FFFCA /* Cloud.h in CopyFiles */ = {isa = PBXBuildFile; fileRef = B16B61E421389DA1002FFFCA /* Cloud.h */; };
		B16B61F921389DCF002FFFCA /* CLAPIEngineConstants.m in Sources */ = {isa = PBXBuildFile; fileRef = B16B61F121389DCF002FFFCA /* CLAPIEngineConstants.m */; };
		B16B61FA21389DCF002FFFCA /* CLAPIEngine.m in Sources */ = {isa = PBXBuildFile; fileRef = B16B61F221389DCF002FFFCA /* CLAPIEngine.m */; };
		B16B61FB21389DCF002FFFCA /* CLAPITransaction.m in Sources */ = {isa = PBXBuildFile; fileRef = B16B61F521389DCF002FFFCA /* CLAPITransaction.m */; };
		B16B620021389DEC002FFFCA /* CLAPISerializer.m in Sources */ = {isa = PBXBuildFile; fileRef = B16B61FD21389DEC002FFFCA /* CLAPISerializer.m */; };
		B16B620121389DEC002FFFCA /* CLAPIDeserializer.m in Sources */ = {isa = PBXBuildFile; fileRef = B16B61FE21389DEC002FFFCA /* CLAPIDeserializer.m */; };
		B16B620821389DF6002FFFCA /* NSMutableURLRequest+NPPOSTBody.m in Sources */ = {isa = PBXBuildFile; fileRef = B16B620221389DF6002FFFCA /* NSMutableURLRequest+NPPOSTBody.m */; };
		B16B620921389DF6002FFFCA /* NSString+NPAdditions.m in Sources */ = {isa = PBXBuildFile; fileRef = B16B620321389DF6002FFFCA /* NSString+NPAdditions.m */; };
		B16B620A21389DF6002FFFCA /* NSString+NPMimeType.m in Sources */ = {isa = PBXBuildFile; fileRef = B16B620421389DF6002FFFCA /* NSString+NPMimeType.m */; };
		B16B621321389E05002FFFCA /* LoginMenuEmailPasswordView.m in Sources */ = {isa = PBXBuildFile; fileRef = B16B620C21389E05002FFFCA /* LoginMenuEmailPasswordView.m */; };
		B16B621421389E05002FFFCA /* CustomInsetTextField.m in Sources */ = {isa = PBXBuildFile; fileRef = B16B620D21389E05002FFFCA /* CustomInsetTextField.m */; };
		B16B621521389E05002FFFCA /* UIColor+AdditionalColors.m in Sources */ = {isa = PBXBuildFile; fileRef = B16B620F21389E05002FFFCA /* UIColor+AdditionalColors.m */; };
		B16B621621389E05002FFFCA /* LoginViewController.m in Sources */ = {isa = PBXBuildFile; fileRef = B16B621221389E05002FFFCA /* LoginViewController.m */; };
		B16B621D21389E15002FFFCA /* CLAccount.m in Sources */ = {isa = PBXBuildFile; fileRef = B16B621921389E15002FFFCA /* CLAccount.m */; };
		B16B621E21389E15002FFFCA /* CLWebItem.m in Sources */ = {isa = PBXBuildFile; fileRef = B16B621B21389E15002FFFCA /* CLWebItem.m */; };
		B16B621F21389E15002FFFCA /* CLSocket.m in Sources */ = {isa = PBXBuildFile; fileRef = B16B621C21389E15002FFFCA /* CLSocket.m */; };
		B16B622D21389E3D002FFFCA /* NSData+Base64.m in Sources */ = {isa = PBXBuildFile; fileRef = B16B622321389E3D002FFFCA /* NSData+Base64.m */; };
		B16B622E21389E3D002FFFCA /* PKMultipartInputStream.m in Sources */ = {isa = PBXBuildFile; fileRef = B16B622421389E3D002FFFCA /* PKMultipartInputStream.m */; };
		B16B622F21389E3D002FFFCA /* NSURL+IFUnicodeURL.m in Sources */ = {isa = PBXBuildFile; fileRef = B16B622821389E3D002FFFCA /* NSURL+IFUnicodeURL.m */; };
		B16B623021389E3D002FFFCA /* NSString+Base64.m in Sources */ = {isa = PBXBuildFile; fileRef = B16B622A21389E3D002FFFCA /* NSString+Base64.m */; };
		B16B623121389E3D002FFFCA /* SharingOption.m in Sources */ = {isa = PBXBuildFile; fileRef = B16B622B21389E3D002FFFCA /* SharingOption.m */; };
		B16B623221389E3D002FFFCA /* NSString+Substrings.m in Sources */ = {isa = PBXBuildFile; fileRef = B16B622C21389E3D002FFFCA /* NSString+Substrings.m */; };
		B16B624E21389E57002FFFCA /* nameprep.c in Sources */ = {isa = PBXBuildFile; fileRef = B16B623721389E57002FFFCA /* nameprep.c */; };
		B16B624F21389E57002FFFCA /* race.c in Sources */ = {isa = PBXBuildFile; fileRef = B16B623821389E57002FFFCA /* race.c */; };
		B16B625021389E57002FFFCA /* puny.c in Sources */ = {isa = PBXBuildFile; fileRef = B16B623921389E57002FFFCA /* puny.c */; };
		B16B625121389E57002FFFCA /* toxxx.c in Sources */ = {isa = PBXBuildFile; fileRef = B16B624921389E57002FFFCA /* toxxx.c */; };
		B16B625221389E57002FFFCA /* util.c in Sources */ = {isa = PBXBuildFile; fileRef = B16B624C21389E57002FFFCA /* util.c */; };
		B16B625D2138A39B002FFFCA /* ExternalAuthViewController.m in Sources */ = {isa = PBXBuildFile; fileRef = B16B625C2138A39B002FFFCA /* ExternalAuthViewController.m */; };
/* End PBXBuildFile section */

/* Begin PBXCopyFilesBuildPhase section */
		B16B61DF21389DA1002FFFCA /* CopyFiles */ = {
			isa = PBXCopyFilesBuildPhase;
			buildActionMask = 2147483647;
			dstPath = "include/$(PRODUCT_NAME)";
			dstSubfolderSpec = 16;
			files = (
				B16B61E721389DA1002FFFCA /* Cloud.h in CopyFiles */,
			);
			runOnlyForDeploymentPostprocessing = 0;
		};
/* End PBXCopyFilesBuildPhase section */

/* Begin PBXFileReference section */
		B14BC8BB21403A9C00E9FCCC /* CLAPIEngine.h */ = {isa = PBXFileReference; fileEncoding = 4; lastKnownFileType = sourcecode.c.h; path = CLAPIEngine.h; sourceTree = "<group>"; };
		B16B61E121389DA1002FFFCA /* libCloud.a */ = {isa = PBXFileReference; explicitFileType = archive.ar; includeInIndex = 0; path = libCloud.a; sourceTree = BUILT_PRODUCTS_DIR; };
		B16B61E421389DA1002FFFCA /* Cloud.h */ = {isa = PBXFileReference; lastKnownFileType = sourcecode.c.h; path = Cloud.h; sourceTree = "<group>"; };
		B16B61E521389DA1002FFFCA /* Cloud.m */ = {isa = PBXFileReference; lastKnownFileType = sourcecode.c.objc; path = Cloud.m; sourceTree = "<group>"; };
		B16B61F121389DCF002FFFCA /* CLAPIEngineConstants.m */ = {isa = PBXFileReference; fileEncoding = 4; lastKnownFileType = sourcecode.c.objc; path = CLAPIEngineConstants.m; sourceTree = "<group>"; };
		B16B61F221389DCF002FFFCA /* CLAPIEngine.m */ = {isa = PBXFileReference; fileEncoding = 4; lastKnownFileType = sourcecode.c.objc; path = CLAPIEngine.m; sourceTree = "<group>"; };
		B16B61F321389DCF002FFFCA /* CLAPIEngineConstants.h */ = {isa = PBXFileReference; fileEncoding = 4; lastKnownFileType = sourcecode.c.h; path = CLAPIEngineConstants.h; sourceTree = "<group>"; };
		B16B61F421389DCF002FFFCA /* CLAPITransaction.h */ = {isa = PBXFileReference; fileEncoding = 4; lastKnownFileType = sourcecode.c.h; path = CLAPITransaction.h; sourceTree = "<group>"; };
		B16B61F521389DCF002FFFCA /* CLAPITransaction.m */ = {isa = PBXFileReference; fileEncoding = 4; lastKnownFileType = sourcecode.c.objc; path = CLAPITransaction.m; sourceTree = "<group>"; };
		B16B61F721389DCF002FFFCA /* CLAPIEngineDelegate.h */ = {isa = PBXFileReference; fileEncoding = 4; lastKnownFileType = sourcecode.c.h; path = CLAPIEngineDelegate.h; sourceTree = "<group>"; };
		B16B61F821389DCF002FFFCA /* Cloud-Prefix.pch */ = {isa = PBXFileReference; fileEncoding = 4; lastKnownFileType = sourcecode.c.h; path = "Cloud-Prefix.pch"; sourceTree = "<group>"; };
		B16B61FC21389DEC002FFFCA /* CLAPIDeserializer.h */ = {isa = PBXFileReference; fileEncoding = 4; lastKnownFileType = sourcecode.c.h; path = CLAPIDeserializer.h; sourceTree = "<group>"; };
		B16B61FD21389DEC002FFFCA /* CLAPISerializer.m */ = {isa = PBXFileReference; fileEncoding = 4; lastKnownFileType = sourcecode.c.objc; path = CLAPISerializer.m; sourceTree = "<group>"; };
		B16B61FE21389DEC002FFFCA /* CLAPIDeserializer.m */ = {isa = PBXFileReference; fileEncoding = 4; lastKnownFileType = sourcecode.c.objc; path = CLAPIDeserializer.m; sourceTree = "<group>"; };
		B16B61FF21389DEC002FFFCA /* CLAPISerializer.h */ = {isa = PBXFileReference; fileEncoding = 4; lastKnownFileType = sourcecode.c.h; path = CLAPISerializer.h; sourceTree = "<group>"; };
		B16B620221389DF6002FFFCA /* NSMutableURLRequest+NPPOSTBody.m */ = {isa = PBXFileReference; fileEncoding = 4; lastKnownFileType = sourcecode.c.objc; path = "NSMutableURLRequest+NPPOSTBody.m"; sourceTree = "<group>"; };
		B16B620321389DF6002FFFCA /* NSString+NPAdditions.m */ = {isa = PBXFileReference; fileEncoding = 4; lastKnownFileType = sourcecode.c.objc; path = "NSString+NPAdditions.m"; sourceTree = "<group>"; };
		B16B620421389DF6002FFFCA /* NSString+NPMimeType.m */ = {isa = PBXFileReference; fileEncoding = 4; lastKnownFileType = sourcecode.c.objc; path = "NSString+NPMimeType.m"; sourceTree = "<group>"; };
		B16B620521389DF6002FFFCA /* NSMutableURLRequest+NPPOSTBody.h */ = {isa = PBXFileReference; fileEncoding = 4; lastKnownFileType = sourcecode.c.h; path = "NSMutableURLRequest+NPPOSTBody.h"; sourceTree = "<group>"; };
		B16B620621389DF6002FFFCA /* NSString+NPAdditions.h */ = {isa = PBXFileReference; fileEncoding = 4; lastKnownFileType = sourcecode.c.h; path = "NSString+NPAdditions.h"; sourceTree = "<group>"; };
		B16B620721389DF6002FFFCA /* NSString+NPMimeType.h */ = {isa = PBXFileReference; fileEncoding = 4; lastKnownFileType = sourcecode.c.h; path = "NSString+NPMimeType.h"; sourceTree = "<group>"; };
		B16B620B21389E05002FFFCA /* UIColor+AdditionalColors.h */ = {isa = PBXFileReference; fileEncoding = 4; lastKnownFileType = sourcecode.c.h; path = "UIColor+AdditionalColors.h"; sourceTree = "<group>"; };
		B16B620C21389E05002FFFCA /* LoginMenuEmailPasswordView.m */ = {isa = PBXFileReference; fileEncoding = 4; lastKnownFileType = sourcecode.c.objc; path = LoginMenuEmailPasswordView.m; sourceTree = "<group>"; };
		B16B620D21389E05002FFFCA /* CustomInsetTextField.m */ = {isa = PBXFileReference; fileEncoding = 4; lastKnownFileType = sourcecode.c.objc; path = CustomInsetTextField.m; sourceTree = "<group>"; };
		B16B620E21389E05002FFFCA /* LoginMenuEmailPasswordView.h */ = {isa = PBXFileReference; fileEncoding = 4; lastKnownFileType = sourcecode.c.h; path = LoginMenuEmailPasswordView.h; sourceTree = "<group>"; };
		B16B620F21389E05002FFFCA /* UIColor+AdditionalColors.m */ = {isa = PBXFileReference; fileEncoding = 4; lastKnownFileType = sourcecode.c.objc; path = "UIColor+AdditionalColors.m"; sourceTree = "<group>"; };
		B16B621021389E05002FFFCA /* LoginViewController.h */ = {isa = PBXFileReference; fileEncoding = 4; lastKnownFileType = sourcecode.c.h; path = LoginViewController.h; sourceTree = "<group>"; };
		B16B621121389E05002FFFCA /* CustomInsetTextField.h */ = {isa = PBXFileReference; fileEncoding = 4; lastKnownFileType = sourcecode.c.h; path = CustomInsetTextField.h; sourceTree = "<group>"; };
		B16B621221389E05002FFFCA /* LoginViewController.m */ = {isa = PBXFileReference; fileEncoding = 4; lastKnownFileType = sourcecode.c.objc; path = LoginViewController.m; sourceTree = "<group>"; };
		B16B621721389E15002FFFCA /* CLSocket.h */ = {isa = PBXFileReference; fileEncoding = 4; lastKnownFileType = sourcecode.c.h; path = CLSocket.h; sourceTree = "<group>"; };
		B16B621821389E15002FFFCA /* CLAccount.h */ = {isa = PBXFileReference; fileEncoding = 4; lastKnownFileType = sourcecode.c.h; path = CLAccount.h; sourceTree = "<group>"; };
		B16B621921389E15002FFFCA /* CLAccount.m */ = {isa = PBXFileReference; fileEncoding = 4; lastKnownFileType = sourcecode.c.objc; path = CLAccount.m; sourceTree = "<group>"; };
		B16B621A21389E15002FFFCA /* CLWebItem.h */ = {isa = PBXFileReference; fileEncoding = 4; lastKnownFileType = sourcecode.c.h; path = CLWebItem.h; sourceTree = "<group>"; };
		B16B621B21389E15002FFFCA /* CLWebItem.m */ = {isa = PBXFileReference; fileEncoding = 4; lastKnownFileType = sourcecode.c.objc; path = CLWebItem.m; sourceTree = "<group>"; };
		B16B621C21389E15002FFFCA /* CLSocket.m */ = {isa = PBXFileReference; fileEncoding = 4; lastKnownFileType = sourcecode.c.objc; path = CLSocket.m; sourceTree = "<group>"; };
		B16B622121389E3D002FFFCA /* SharingOption.h */ = {isa = PBXFileReference; fileEncoding = 4; lastKnownFileType = sourcecode.c.h; path = SharingOption.h; sourceTree = "<group>"; };
		B16B622221389E3D002FFFCA /* PKMultipartInputStream.h */ = {isa = PBXFileReference; fileEncoding = 4; lastKnownFileType = sourcecode.c.h; path = PKMultipartInputStream.h; sourceTree = "<group>"; };
		B16B622321389E3D002FFFCA /* NSData+Base64.m */ = {isa = PBXFileReference; fileEncoding = 4; lastKnownFileType = sourcecode.c.objc; path = "NSData+Base64.m"; sourceTree = "<group>"; };
		B16B622421389E3D002FFFCA /* PKMultipartInputStream.m */ = {isa = PBXFileReference; fileEncoding = 4; lastKnownFileType = sourcecode.c.objc; path = PKMultipartInputStream.m; sourceTree = "<group>"; };
		B16B622521389E3D002FFFCA /* NSString+Substrings.h */ = {isa = PBXFileReference; fileEncoding = 4; lastKnownFileType = sourcecode.c.h; path = "NSString+Substrings.h"; sourceTree = "<group>"; };
		B16B622621389E3D002FFFCA /* NSString+Base64.h */ = {isa = PBXFileReference; fileEncoding = 4; lastKnownFileType = sourcecode.c.h; path = "NSString+Base64.h"; sourceTree = "<group>"; };
		B16B622721389E3D002FFFCA /* NSURL+IFUnicodeURL.h */ = {isa = PBXFileReference; fileEncoding = 4; lastKnownFileType = sourcecode.c.h; path = "NSURL+IFUnicodeURL.h"; sourceTree = "<group>"; };
		B16B622821389E3D002FFFCA /* NSURL+IFUnicodeURL.m */ = {isa = PBXFileReference; fileEncoding = 4; lastKnownFileType = sourcecode.c.objc; path = "NSURL+IFUnicodeURL.m"; sourceTree = "<group>"; };
		B16B622921389E3D002FFFCA /* NSData+Base64.h */ = {isa = PBXFileReference; fileEncoding = 4; lastKnownFileType = sourcecode.c.h; path = "NSData+Base64.h"; sourceTree = "<group>"; };
		B16B622A21389E3D002FFFCA /* NSString+Base64.m */ = {isa = PBXFileReference; fileEncoding = 4; lastKnownFileType = sourcecode.c.objc; path = "NSString+Base64.m"; sourceTree = "<group>"; };
		B16B622B21389E3D002FFFCA /* SharingOption.m */ = {isa = PBXFileReference; fileEncoding = 4; lastKnownFileType = sourcecode.c.objc; path = SharingOption.m; sourceTree = "<group>"; };
		B16B622C21389E3D002FFFCA /* NSString+Substrings.m */ = {isa = PBXFileReference; fileEncoding = 4; lastKnownFileType = sourcecode.c.objc; path = "NSString+Substrings.m"; sourceTree = "<group>"; };
		B16B623421389E57002FFFCA /* toxxx.h */ = {isa = PBXFileReference; fileEncoding = 4; lastKnownFileType = sourcecode.c.h; path = toxxx.h; sourceTree = "<group>"; };
		B16B623521389E57002FFFCA /* xcode_config.h */ = {isa = PBXFileReference; fileEncoding = 4; lastKnownFileType = sourcecode.c.h; path = xcode_config.h; sourceTree = "<group>"; };
		B16B623621389E57002FFFCA /* nameprep.h */ = {isa = PBXFileReference; fileEncoding = 4; lastKnownFileType = sourcecode.c.h; path = nameprep.h; sourceTree = "<group>"; };
		B16B623721389E57002FFFCA /* nameprep.c */ = {isa = PBXFileReference; fileEncoding = 4; lastKnownFileType = sourcecode.c.c; path = nameprep.c; sourceTree = "<group>"; };
		B16B623821389E57002FFFCA /* race.c */ = {isa = PBXFileReference; fileEncoding = 4; lastKnownFileType = sourcecode.c.c; path = race.c; sourceTree = "<group>"; };
		B16B623921389E57002FFFCA /* puny.c */ = {isa = PBXFileReference; fileEncoding = 4; lastKnownFileType = sourcecode.c.c; path = puny.c; sourceTree = "<group>"; };
		B16B623B21389E57002FFFCA /* nameprep_bidi_lcat.h */ = {isa = PBXFileReference; fileEncoding = 4; lastKnownFileType = sourcecode.c.h; path = nameprep_bidi_lcat.h; sourceTree = "<group>"; };
		B16B623C21389E57002FFFCA /* nameprep_bidi_randalcat.h */ = {isa = PBXFileReference; fileEncoding = 4; lastKnownFileType = sourcecode.c.h; path = nameprep_bidi_randalcat.h; sourceTree = "<group>"; };
		B16B623D21389E57002FFFCA /* nameprep_charmap.h */ = {isa = PBXFileReference; fileEncoding = 4; lastKnownFileType = sourcecode.c.h; path = nameprep_charmap.h; sourceTree = "<group>"; };
		B16B623E21389E57002FFFCA /* nameprep_compatible.h */ = {isa = PBXFileReference; fileEncoding = 4; lastKnownFileType = sourcecode.c.h; path = nameprep_compatible.h; sourceTree = "<group>"; };
		B16B623F21389E57002FFFCA /* nameprep_prohibit_allowunassigned.h */ = {isa = PBXFileReference; fileEncoding = 4; lastKnownFileType = sourcecode.c.h; path = nameprep_prohibit_allowunassigned.h; sourceTree = "<group>"; };
		B16B624021389E57002FFFCA /* nameprep_cononical.h */ = {isa = PBXFileReference; fileEncoding = 4; lastKnownFileType = sourcecode.c.h; path = nameprep_cononical.h; sourceTree = "<group>"; };
		B16B624121389E57002FFFCA /* nameprep_decompose.h */ = {isa = PBXFileReference; fileEncoding = 4; lastKnownFileType = sourcecode.c.h; path = nameprep_decompose.h; sourceTree = "<group>"; };
		B16B624221389E57002FFFCA /* nameprep_data.h */ = {isa = PBXFileReference; fileEncoding = 4; lastKnownFileType = sourcecode.c.h; path = nameprep_data.h; sourceTree = "<group>"; };
		B16B624321389E57002FFFCA /* nameprep_lookups.h */ = {isa = PBXFileReference; fileEncoding = 4; lastKnownFileType = sourcecode.c.h; path = nameprep_lookups.h; sourceTree = "<group>"; };
		B16B624421389E57002FFFCA /* nameprep_prohibit.h */ = {isa = PBXFileReference; fileEncoding = 4; lastKnownFileType = sourcecode.c.h; path = nameprep_prohibit.h; sourceTree = "<group>"; };
		B16B624521389E57002FFFCA /* nameprep_datastructures.h */ = {isa = PBXFileReference; fileEncoding = 4; lastKnownFileType = sourcecode.c.h; path = nameprep_datastructures.h; sourceTree = "<group>"; };
		B16B624621389E57002FFFCA /* nameprep_compose.h */ = {isa = PBXFileReference; fileEncoding = 4; lastKnownFileType = sourcecode.c.h; path = nameprep_compose.h; sourceTree = "<group>"; };
		B16B624721389E57002FFFCA /* puny.h */ = {isa = PBXFileReference; fileEncoding = 4; lastKnownFileType = sourcecode.c.h; path = puny.h; sourceTree = "<group>"; };
		B16B624821389E57002FFFCA /* xcode.h */ = {isa = PBXFileReference; fileEncoding = 4; lastKnownFileType = sourcecode.c.h; path = xcode.h; sourceTree = "<group>"; };
		B16B624921389E57002FFFCA /* toxxx.c */ = {isa = PBXFileReference; fileEncoding = 4; lastKnownFileType = sourcecode.c.c; path = toxxx.c; sourceTree = "<group>"; };
		B16B624A21389E57002FFFCA /* adapter.h */ = {isa = PBXFileReference; fileEncoding = 4; lastKnownFileType = sourcecode.c.h; path = adapter.h; sourceTree = "<group>"; };
		B16B624B21389E57002FFFCA /* util.h */ = {isa = PBXFileReference; fileEncoding = 4; lastKnownFileType = sourcecode.c.h; path = util.h; sourceTree = "<group>"; };
		B16B624C21389E57002FFFCA /* util.c */ = {isa = PBXFileReference; fileEncoding = 4; lastKnownFileType = sourcecode.c.c; path = util.c; sourceTree = "<group>"; };
		B16B624D21389E57002FFFCA /* race.h */ = {isa = PBXFileReference; fileEncoding = 4; lastKnownFileType = sourcecode.c.h; path = race.h; sourceTree = "<group>"; };
		B16B625B2138A39B002FFFCA /* ExternalAuthViewController.h */ = {isa = PBXFileReference; lastKnownFileType = sourcecode.c.h; path = ExternalAuthViewController.h; sourceTree = "<group>"; };
		B16B625C2138A39B002FFFCA /* ExternalAuthViewController.m */ = {isa = PBXFileReference; lastKnownFileType = sourcecode.c.objc; path = ExternalAuthViewController.m; sourceTree = "<group>"; };
/* End PBXFileReference section */

/* Begin PBXFrameworksBuildPhase section */
		B16B61DE21389DA1002FFFCA /* Frameworks */ = {
			isa = PBXFrameworksBuildPhase;
			buildActionMask = 2147483647;
			files = (
			);
			runOnlyForDeploymentPostprocessing = 0;
		};
/* End PBXFrameworksBuildPhase section */

/* Begin PBXGroup section */
		B16B61D821389DA1002FFFCA = {
			isa = PBXGroup;
			children = (
				B16B61E321389DA1002FFFCA /* Cloud */,
				B16B61E221389DA1002FFFCA /* Products */,
			);
			sourceTree = "<group>";
		};
		B16B61E221389DA1002FFFCA /* Products */ = {
			isa = PBXGroup;
			children = (
				B16B61E121389DA1002FFFCA /* libCloud.a */,
			);
			name = Products;
			sourceTree = "<group>";
		};
		B16B61E321389DA1002FFFCA /* Cloud */ = {
			isa = PBXGroup;
			children = (
				B16B622021389E27002FFFCA /* New Group */,
				B16B61F021389DC0002FFFCA /* Model */,
				B16B61EF21389DBE002FFFCA /* LogIn */,
				B16B61EE21389DBC002FFFCA /* Categories */,
				B16B61ED21389DBA002FFFCA /* API Parsing */,
				B16B61E421389DA1002FFFCA /* Cloud.h */,
				B16B61E521389DA1002FFFCA /* Cloud.m */,
				B14BC8BB21403A9C00E9FCCC /* CLAPIEngine.h */,
				B16B61F221389DCF002FFFCA /* CLAPIEngine.m */,
				B16B61F321389DCF002FFFCA /* CLAPIEngineConstants.h */,
				B16B61F121389DCF002FFFCA /* CLAPIEngineConstants.m */,
				B16B61F721389DCF002FFFCA /* CLAPIEngineDelegate.h */,
				B16B61F421389DCF002FFFCA /* CLAPITransaction.h */,
				B16B61F521389DCF002FFFCA /* CLAPITransaction.m */,
				B16B61F821389DCF002FFFCA /* Cloud-Prefix.pch */,
			);
			path = Cloud;
			sourceTree = "<group>";
		};
		B16B61ED21389DBA002FFFCA /* API Parsing */ = {
			isa = PBXGroup;
			children = (
				B16B61FC21389DEC002FFFCA /* CLAPIDeserializer.h */,
				B16B61FE21389DEC002FFFCA /* CLAPIDeserializer.m */,
				B16B61FF21389DEC002FFFCA /* CLAPISerializer.h */,
				B16B61FD21389DEC002FFFCA /* CLAPISerializer.m */,
			);
			path = "API Parsing";
			sourceTree = "<group>";
		};
		B16B61EE21389DBC002FFFCA /* Categories */ = {
			isa = PBXGroup;
			children = (
				B16B620521389DF6002FFFCA /* NSMutableURLRequest+NPPOSTBody.h */,
				B16B620221389DF6002FFFCA /* NSMutableURLRequest+NPPOSTBody.m */,
				B16B620621389DF6002FFFCA /* NSString+NPAdditions.h */,
				B16B620321389DF6002FFFCA /* NSString+NPAdditions.m */,
				B16B620721389DF6002FFFCA /* NSString+NPMimeType.h */,
				B16B620421389DF6002FFFCA /* NSString+NPMimeType.m */,
			);
			path = Categories;
			sourceTree = "<group>";
		};
		B16B61EF21389DBE002FFFCA /* LogIn */ = {
			isa = PBXGroup;
			children = (
				B16B621121389E05002FFFCA /* CustomInsetTextField.h */,
				B16B620D21389E05002FFFCA /* CustomInsetTextField.m */,
				B16B620E21389E05002FFFCA /* LoginMenuEmailPasswordView.h */,
				B16B620C21389E05002FFFCA /* LoginMenuEmailPasswordView.m */,
				B16B621021389E05002FFFCA /* LoginViewController.h */,
				B16B621221389E05002FFFCA /* LoginViewController.m */,
				B16B620B21389E05002FFFCA /* UIColor+AdditionalColors.h */,
				B16B620F21389E05002FFFCA /* UIColor+AdditionalColors.m */,
				B16B625B2138A39B002FFFCA /* ExternalAuthViewController.h */,
				B16B625C2138A39B002FFFCA /* ExternalAuthViewController.m */,
			);
			path = LogIn;
			sourceTree = "<group>";
		};
		B16B61F021389DC0002FFFCA /* Model */ = {
			isa = PBXGroup;
			children = (
				B16B621821389E15002FFFCA /* CLAccount.h */,
				B16B621921389E15002FFFCA /* CLAccount.m */,
				B16B621721389E15002FFFCA /* CLSocket.h */,
				B16B621C21389E15002FFFCA /* CLSocket.m */,
				B16B621A21389E15002FFFCA /* CLWebItem.h */,
				B16B621B21389E15002FFFCA /* CLWebItem.m */,
			);
			path = Model;
			sourceTree = "<group>";
		};
		B16B622021389E27002FFFCA /* New Group */ = {
			isa = PBXGroup;
			children = (
				B16B623321389E45002FFFCA /* IDNSDK */,
				B16B622921389E3D002FFFCA /* NSData+Base64.h */,
				B16B622321389E3D002FFFCA /* NSData+Base64.m */,
				B16B622621389E3D002FFFCA /* NSString+Base64.h */,
				B16B622A21389E3D002FFFCA /* NSString+Base64.m */,
				B16B622521389E3D002FFFCA /* NSString+Substrings.h */,
				B16B622C21389E3D002FFFCA /* NSString+Substrings.m */,
				B16B622721389E3D002FFFCA /* NSURL+IFUnicodeURL.h */,
				B16B622821389E3D002FFFCA /* NSURL+IFUnicodeURL.m */,
				B16B622221389E3D002FFFCA /* PKMultipartInputStream.h */,
				B16B622421389E3D002FFFCA /* PKMultipartInputStream.m */,
				B16B622121389E3D002FFFCA /* SharingOption.h */,
				B16B622B21389E3D002FFFCA /* SharingOption.m */,
			);
			path = "New Group";
			sourceTree = "<group>";
		};
		B16B623321389E45002FFFCA /* IDNSDK */ = {
			isa = PBXGroup;
			children = (
				B16B624A21389E57002FFFCA /* adapter.h */,
				B16B623721389E57002FFFCA /* nameprep.c */,
				B16B623621389E57002FFFCA /* nameprep.h */,
				B16B623921389E57002FFFCA /* puny.c */,
				B16B624721389E57002FFFCA /* puny.h */,
				B16B623821389E57002FFFCA /* race.c */,
				B16B624D21389E57002FFFCA /* race.h */,
				B16B623A21389E57002FFFCA /* staticdata */,
				B16B624921389E57002FFFCA /* toxxx.c */,
				B16B623421389E57002FFFCA /* toxxx.h */,
				B16B624C21389E57002FFFCA /* util.c */,
				B16B624B21389E57002FFFCA /* util.h */,
				B16B623521389E57002FFFCA /* xcode_config.h */,
				B16B624821389E57002FFFCA /* xcode.h */,
			);
			path = IDNSDK;
			sourceTree = "<group>";
		};
		B16B623A21389E57002FFFCA /* staticdata */ = {
			isa = PBXGroup;
			children = (
				B16B623B21389E57002FFFCA /* nameprep_bidi_lcat.h */,
				B16B623C21389E57002FFFCA /* nameprep_bidi_randalcat.h */,
				B16B623D21389E57002FFFCA /* nameprep_charmap.h */,
				B16B623E21389E57002FFFCA /* nameprep_compatible.h */,
				B16B623F21389E57002FFFCA /* nameprep_prohibit_allowunassigned.h */,
				B16B624021389E57002FFFCA /* nameprep_cononical.h */,
				B16B624121389E57002FFFCA /* nameprep_decompose.h */,
				B16B624221389E57002FFFCA /* nameprep_data.h */,
				B16B624321389E57002FFFCA /* nameprep_lookups.h */,
				B16B624421389E57002FFFCA /* nameprep_prohibit.h */,
				B16B624521389E57002FFFCA /* nameprep_datastructures.h */,
				B16B624621389E57002FFFCA /* nameprep_compose.h */,
			);
			path = staticdata;
			sourceTree = "<group>";
		};
/* End PBXGroup section */

/* Begin PBXNativeTarget section */
		B16B61E021389DA1002FFFCA /* Cloud */ = {
			isa = PBXNativeTarget;
			buildConfigurationList = B16B61EA21389DA1002FFFCA /* Build configuration list for PBXNativeTarget "Cloud" */;
			buildPhases = (
				B16B61DD21389DA1002FFFCA /* Sources */,
				B16B61DE21389DA1002FFFCA /* Frameworks */,
				B16B61DF21389DA1002FFFCA /* CopyFiles */,
			);
			buildRules = (
			);
			dependencies = (
			);
			name = Cloud;
			productName = Cloud;
			productReference = B16B61E121389DA1002FFFCA /* libCloud.a */;
			productType = "com.apple.product-type.library.static";
		};
/* End PBXNativeTarget section */

/* Begin PBXProject section */
		B16B61D921389DA1002FFFCA /* Project object */ = {
			isa = PBXProject;
			attributes = {
				LastUpgradeCheck = 1000;
				ORGANIZATIONNAME = CloudApp;
				TargetAttributes = {
					B16B61E021389DA1002FFFCA = {
						CreatedOnToolsVersion = 10.0;
					};
				};
			};
			buildConfigurationList = B16B61DC21389DA1002FFFCA /* Build configuration list for PBXProject "Cloud" */;
			compatibilityVersion = "Xcode 9.3";
			developmentRegion = en;
			hasScannedForEncodings = 0;
			knownRegions = (
				en,
			);
			mainGroup = B16B61D821389DA1002FFFCA;
			productRefGroup = B16B61E221389DA1002FFFCA /* Products */;
			projectDirPath = "";
			projectRoot = "";
			targets = (
				B16B61E021389DA1002FFFCA /* Cloud */,
			);
		};
/* End PBXProject section */

/* Begin PBXSourcesBuildPhase section */
		B16B61DD21389DA1002FFFCA /* Sources */ = {
			isa = PBXSourcesBuildPhase;
			buildActionMask = 2147483647;
			files = (
				B16B620A21389DF6002FFFCA /* NSString+NPMimeType.m in Sources */,
				B16B623121389E3D002FFFCA /* SharingOption.m in Sources */,
				B16B620121389DEC002FFFCA /* CLAPIDeserializer.m in Sources */,
				B16B621621389E05002FFFCA /* LoginViewController.m in Sources */,
				B16B620921389DF6002FFFCA /* NSString+NPAdditions.m in Sources */,
				B16B623021389E3D002FFFCA /* NSString+Base64.m in Sources */,
				B16B624E21389E57002FFFCA /* nameprep.c in Sources */,
				B16B622D21389E3D002FFFCA /* NSData+Base64.m in Sources */,
				B16B621321389E05002FFFCA /* LoginMenuEmailPasswordView.m in Sources */,
				B16B61FB21389DCF002FFFCA /* CLAPITransaction.m in Sources */,
				B16B624F21389E57002FFFCA /* race.c in Sources */,
				B16B61E621389DA1002FFFCA /* Cloud.m in Sources */,
				B16B621421389E05002FFFCA /* CustomInsetTextField.m in Sources */,
				B16B621D21389E15002FFFCA /* CLAccount.m in Sources */,
				B16B622E21389E3D002FFFCA /* PKMultipartInputStream.m in Sources */,
				B16B625121389E57002FFFCA /* toxxx.c in Sources */,
				B16B625021389E57002FFFCA /* puny.c in Sources */,
				B16B620021389DEC002FFFCA /* CLAPISerializer.m in Sources */,
				B16B621521389E05002FFFCA /* UIColor+AdditionalColors.m in Sources */,
				B16B623221389E3D002FFFCA /* NSString+Substrings.m in Sources */,
				B16B61FA21389DCF002FFFCA /* CLAPIEngine.m in Sources */,
				B16B61F921389DCF002FFFCA /* CLAPIEngineConstants.m in Sources */,
				B16B621F21389E15002FFFCA /* CLSocket.m in Sources */,
				B16B625D2138A39B002FFFCA /* ExternalAuthViewController.m in Sources */,
				B16B621E21389E15002FFFCA /* CLWebItem.m in Sources */,
				B16B620821389DF6002FFFCA /* NSMutableURLRequest+NPPOSTBody.m in Sources */,
				B16B622F21389E3D002FFFCA /* NSURL+IFUnicodeURL.m in Sources */,
				B16B625221389E57002FFFCA /* util.c in Sources */,
			);
			runOnlyForDeploymentPostprocessing = 0;
		};
/* End PBXSourcesBuildPhase section */

/* Begin XCBuildConfiguration section */
		B16B61E821389DA1002FFFCA /* Debug */ = {
			isa = XCBuildConfiguration;
			buildSettings = {
				ALWAYS_SEARCH_USER_PATHS = NO;
				CLANG_ANALYZER_NONNULL = YES;
				CLANG_ANALYZER_NUMBER_OBJECT_CONVERSION = YES_AGGRESSIVE;
				CLANG_CXX_LANGUAGE_STANDARD = "gnu++14";
				CLANG_CXX_LIBRARY = "libc++";
				CLANG_ENABLE_MODULES = YES;
				CLANG_ENABLE_OBJC_ARC = YES;
				CLANG_ENABLE_OBJC_WEAK = YES;
				CLANG_WARN_BLOCK_CAPTURE_AUTORELEASING = YES;
				CLANG_WARN_BOOL_CONVERSION = YES;
				CLANG_WARN_COMMA = YES;
				CLANG_WARN_CONSTANT_CONVERSION = YES;
				CLANG_WARN_DEPRECATED_OBJC_IMPLEMENTATIONS = YES;
				CLANG_WARN_DIRECT_OBJC_ISA_USAGE = YES_ERROR;
				CLANG_WARN_DOCUMENTATION_COMMENTS = YES;
				CLANG_WARN_EMPTY_BODY = YES;
				CLANG_WARN_ENUM_CONVERSION = YES;
				CLANG_WARN_INFINITE_RECURSION = YES;
				CLANG_WARN_INT_CONVERSION = YES;
				CLANG_WARN_NON_LITERAL_NULL_CONVERSION = YES;
				CLANG_WARN_OBJC_IMPLICIT_RETAIN_SELF = YES;
				CLANG_WARN_OBJC_LITERAL_CONVERSION = YES;
				CLANG_WARN_OBJC_ROOT_CLASS = YES_ERROR;
				CLANG_WARN_RANGE_LOOP_ANALYSIS = YES;
				CLANG_WARN_STRICT_PROTOTYPES = YES;
				CLANG_WARN_SUSPICIOUS_MOVE = YES;
				CLANG_WARN_UNGUARDED_AVAILABILITY = YES_AGGRESSIVE;
				CLANG_WARN_UNREACHABLE_CODE = YES;
				CLANG_WARN__DUPLICATE_METHOD_MATCH = YES;
				CODE_SIGN_IDENTITY = "iPhone Developer";
				COPY_PHASE_STRIP = NO;
				DEBUG_INFORMATION_FORMAT = dwarf;
				ENABLE_STRICT_OBJC_MSGSEND = YES;
				ENABLE_TESTABILITY = YES;
				GCC_C_LANGUAGE_STANDARD = gnu11;
				GCC_DYNAMIC_NO_PIC = NO;
				GCC_NO_COMMON_BLOCKS = YES;
				GCC_OPTIMIZATION_LEVEL = 0;
				GCC_PREPROCESSOR_DEFINITIONS = (
					"DEBUG=1",
					"$(inherited)",
				);
				GCC_WARN_64_TO_32_BIT_CONVERSION = YES;
				GCC_WARN_ABOUT_RETURN_TYPE = YES_ERROR;
				GCC_WARN_UNDECLARED_SELECTOR = YES;
				GCC_WARN_UNINITIALIZED_AUTOS = YES_AGGRESSIVE;
				GCC_WARN_UNUSED_FUNCTION = YES;
				GCC_WARN_UNUSED_VARIABLE = YES;
				IPHONEOS_DEPLOYMENT_TARGET = 12.0;
				MTL_ENABLE_DEBUG_INFO = INCLUDE_SOURCE;
				MTL_FAST_MATH = YES;
				ONLY_ACTIVE_ARCH = YES;
				SDKROOT = iphoneos;
			};
			name = Debug;
		};
		B16B61E921389DA1002FFFCA /* Release */ = {
			isa = XCBuildConfiguration;
			buildSettings = {
				ALWAYS_SEARCH_USER_PATHS = NO;
				CLANG_ANALYZER_NONNULL = YES;
				CLANG_ANALYZER_NUMBER_OBJECT_CONVERSION = YES_AGGRESSIVE;
				CLANG_CXX_LANGUAGE_STANDARD = "gnu++14";
				CLANG_CXX_LIBRARY = "libc++";
				CLANG_ENABLE_MODULES = YES;
				CLANG_ENABLE_OBJC_ARC = YES;
				CLANG_ENABLE_OBJC_WEAK = YES;
				CLANG_WARN_BLOCK_CAPTURE_AUTORELEASING = YES;
				CLANG_WARN_BOOL_CONVERSION = YES;
				CLANG_WARN_COMMA = YES;
				CLANG_WARN_CONSTANT_CONVERSION = YES;
				CLANG_WARN_DEPRECATED_OBJC_IMPLEMENTATIONS = YES;
				CLANG_WARN_DIRECT_OBJC_ISA_USAGE = YES_ERROR;
				CLANG_WARN_DOCUMENTATION_COMMENTS = YES;
				CLANG_WARN_EMPTY_BODY = YES;
				CLANG_WARN_ENUM_CONVERSION = YES;
				CLANG_WARN_INFINITE_RECURSION = YES;
				CLANG_WARN_INT_CONVERSION = YES;
				CLANG_WARN_NON_LITERAL_NULL_CONVERSION = YES;
				CLANG_WARN_OBJC_IMPLICIT_RETAIN_SELF = YES;
				CLANG_WARN_OBJC_LITERAL_CONVERSION = YES;
				CLANG_WARN_OBJC_ROOT_CLASS = YES_ERROR;
				CLANG_WARN_RANGE_LOOP_ANALYSIS = YES;
				CLANG_WARN_STRICT_PROTOTYPES = YES;
				CLANG_WARN_SUSPICIOUS_MOVE = YES;
				CLANG_WARN_UNGUARDED_AVAILABILITY = YES_AGGRESSIVE;
				CLANG_WARN_UNREACHABLE_CODE = YES;
				CLANG_WARN__DUPLICATE_METHOD_MATCH = YES;
				CODE_SIGN_IDENTITY = "iPhone Developer";
				COPY_PHASE_STRIP = NO;
				DEBUG_INFORMATION_FORMAT = "dwarf-with-dsym";
				ENABLE_NS_ASSERTIONS = NO;
				ENABLE_STRICT_OBJC_MSGSEND = YES;
				GCC_C_LANGUAGE_STANDARD = gnu11;
				GCC_NO_COMMON_BLOCKS = YES;
				GCC_WARN_64_TO_32_BIT_CONVERSION = YES;
				GCC_WARN_ABOUT_RETURN_TYPE = YES_ERROR;
				GCC_WARN_UNDECLARED_SELECTOR = YES;
				GCC_WARN_UNINITIALIZED_AUTOS = YES_AGGRESSIVE;
				GCC_WARN_UNUSED_FUNCTION = YES;
				GCC_WARN_UNUSED_VARIABLE = YES;
				IPHONEOS_DEPLOYMENT_TARGET = 12.0;
				MTL_ENABLE_DEBUG_INFO = NO;
				MTL_FAST_MATH = YES;
				SDKROOT = iphoneos;
				VALIDATE_PRODUCT = YES;
			};
			name = Release;
		};
		B16B61EB21389DA1002FFFCA /* Debug */ = {
			isa = XCBuildConfiguration;
			buildSettings = {
				CODE_SIGN_STYLE = Automatic;
				DEVELOPMENT_TEAM = DCMDDJEW9X;
				OTHER_LDFLAGS = "-ObjC";
				PRODUCT_NAME = "$(TARGET_NAME)";
				SKIP_INSTALL = YES;
				TARGETED_DEVICE_FAMILY = "1,2";
			};
			name = Debug;
		};
		B16B61EC21389DA1002FFFCA /* Release */ = {
			isa = XCBuildConfiguration;
			buildSettings = {
				CODE_SIGN_STYLE = Automatic;
				DEVELOPMENT_TEAM = DCMDDJEW9X;
				OTHER_LDFLAGS = "-ObjC";
				PRODUCT_NAME = "$(TARGET_NAME)";
				SKIP_INSTALL = YES;
				TARGETED_DEVICE_FAMILY = "1,2";
			};
			name = Release;
		};
/* End XCBuildConfiguration section */

/* Begin XCConfigurationList section */
		B16B61DC21389DA1002FFFCA /* Build configuration list for PBXProject "Cloud" */ = {
			isa = XCConfigurationList;
			buildConfigurations = (
				B16B61E821389DA1002FFFCA /* Debug */,
				B16B61E921389DA1002FFFCA /* Release */,
			);
			defaultConfigurationIsVisible = 0;
			defaultConfigurationName = Release;
		};
		B16B61EA21389DA1002FFFCA /* Build configuration list for PBXNativeTarget "Cloud" */ = {
			isa = XCConfigurationList;
			buildConfigurations = (
				B16B61EB21389DA1002FFFCA /* Debug */,
				B16B61EC21389DA1002FFFCA /* Release */,
			);
			defaultConfigurationIsVisible = 0;
			defaultConfigurationName = Release;
		};
/* End XCConfigurationList section */
	};
	rootObject = B16B61D921389DA1002FFFCA /* Project object */;
}
